
Microsoft Visual Studio Solution File, Format Version 12.00
# Visual Studio 15
VisualStudioVersion = 15.0.26430.16
MinimumVisualStudioVersion = 10.0.40219.1
Project("{FAE04EC0-301F-11D3-BF4B-00C04F79EFBC}") = "SlimCanvas", "SlimCanvas\SlimCanvas.csproj", "{BEE7CD56-AC9C-459E-B9C3-049B04678AC3}"
EndProject
Project("{FAE04EC0-301F-11D3-BF4B-00C04F79EFBC}") = "SlimCanvas.UWP", "SlimCanvas.UWP\SlimCanvas.UWP.csproj", "{D421AB7F-E876-4E0F-A2FB-0D457460AE16}"
EndProject
Project("{FAE04EC0-301F-11D3-BF4B-00C04F79EFBC}") = "SlimCanvas.UWP.Test", "SlimCanvas.UWP.Test\SlimCanvas.UWP.Test.csproj", "{B7C26843-9E6E-49C2-BB46-B71C22F36B1D}"
EndProject
Project("{D954291E-2A0B-460D-934E-DC6B0785DB48}") = "TestSamples", "TestSamples\TestSamples.shproj", "{38B06A1B-6E94-4169-8B4E-7A1E77269736}"
EndProject
Project("{FAE04EC0-301F-11D3-BF4B-00C04F79EFBC}") = "SlimCanvas.Droid", "SlimCanvas.Droid\SlimCanvas.Droid.csproj", "{397F75F1-4519-4895-8508-D4756B209609}"
EndProject
Project("{FAE04EC0-301F-11D3-BF4B-00C04F79EFBC}") = "SlimCanvas.Droid.Test", "SlimCanvas.Droid.Test\SlimCanvas.Droid.Test.csproj", "{EB2B3372-1026-44EA-B622-AA774C65B2B6}"
EndProject
Project("{FAE04EC0-301F-11D3-BF4B-00C04F79EFBC}") = "SlimCanvas.iOS", "SlimCanvas.iOS\SlimCanvas.iOS.csproj", "{8C0F0A23-1C89-403C-9353-257EA9D13078}"
EndProject
Project("{FAE04EC0-301F-11D3-BF4B-00C04F79EFBC}") = "SlimCanvas.iOS.Test", "SlimCanvas.iOS.Test\SlimCanvas.iOS.Test.csproj", "{6B9B02A2-AF31-42E2-966A-84472A4F2BA2}"
EndProject
Global
	GlobalSection(SharedMSBuildProjectFiles) = preSolution
		TestSamples\TestSamples.projitems*{38b06a1b-6e94-4169-8b4e-7a1e77269736}*SharedItemsImports = 13
		TestSamples\TestSamples.projitems*{6b9b02a2-af31-42e2-966a-84472a4f2ba2}*SharedItemsImports = 4
		TestSamples\TestSamples.projitems*{b7c26843-9e6e-49c2-bb46-b71c22f36b1d}*SharedItemsImports = 4
		TestSamples\TestSamples.projitems*{eb2b3372-1026-44ea-b622-aa774c65b2b6}*SharedItemsImports = 4
	EndGlobalSection
	GlobalSection(SolutionConfigurationPlatforms) = preSolution
		Ad-Hoc|Any CPU = Ad-Hoc|Any CPU
		Ad-Hoc|ARM = Ad-Hoc|ARM
		Ad-Hoc|iPhone = Ad-Hoc|iPhone
		Ad-Hoc|iPhoneSimulator = Ad-Hoc|iPhoneSimulator
		Ad-Hoc|x64 = Ad-Hoc|x64
		Ad-Hoc|x86 = Ad-Hoc|x86
		AppStore|Any CPU = AppStore|Any CPU
		AppStore|ARM = AppStore|ARM
		AppStore|iPhone = AppStore|iPhone
		AppStore|iPhoneSimulator = AppStore|iPhoneSimulator
		AppStore|x64 = AppStore|x64
		AppStore|x86 = AppStore|x86
		Debug|Any CPU = Debug|Any CPU
		Debug|ARM = Debug|ARM
		Debug|iPhone = Debug|iPhone
		Debug|iPhoneSimulator = Debug|iPhoneSimulator
		Debug|x64 = Debug|x64
		Debug|x86 = Debug|x86
		Release|Any CPU = Release|Any CPU
		Release|ARM = Release|ARM
		Release|iPhone = Release|iPhone
		Release|iPhoneSimulator = Release|iPhoneSimulator
		Release|x64 = Release|x64
		Release|x86 = Release|x86
	EndGlobalSection
	GlobalSection(ProjectConfigurationPlatforms) = postSolution
		{BEE7CD56-AC9C-459E-B9C3-049B04678AC3}.Ad-Hoc|Any CPU.ActiveCfg = Release|Any CPU
		{BEE7CD56-AC9C-459E-B9C3-049B04678AC3}.Ad-Hoc|Any CPU.Build.0 = Release|Any CPU
		{BEE7CD56-AC9C-459E-B9C3-049B04678AC3}.Ad-Hoc|ARM.ActiveCfg = Release|Any CPU
		{BEE7CD56-AC9C-459E-B9C3-049B04678AC3}.Ad-Hoc|ARM.Build.0 = Release|Any CPU
		{BEE7CD56-AC9C-459E-B9C3-049B04678AC3}.Ad-Hoc|iPhone.ActiveCfg = Release|Any CPU
		{BEE7CD56-AC9C-459E-B9C3-049B04678AC3}.Ad-Hoc|iPhone.Build.0 = Release|Any CPU
		{BEE7CD56-AC9C-459E-B9C3-049B04678AC3}.Ad-Hoc|iPhoneSimulator.ActiveCfg = Release|Any CPU
		{BEE7CD56-AC9C-459E-B9C3-049B04678AC3}.Ad-Hoc|iPhoneSimulator.Build.0 = Release|Any CPU
		{BEE7CD56-AC9C-459E-B9C3-049B04678AC3}.Ad-Hoc|x64.ActiveCfg = Release|Any CPU
		{BEE7CD56-AC9C-459E-B9C3-049B04678AC3}.Ad-Hoc|x64.Build.0 = Release|Any CPU
		{BEE7CD56-AC9C-459E-B9C3-049B04678AC3}.Ad-Hoc|x86.ActiveCfg = Release|Any CPU
		{BEE7CD56-AC9C-459E-B9C3-049B04678AC3}.Ad-Hoc|x86.Build.0 = Release|Any CPU
		{BEE7CD56-AC9C-459E-B9C3-049B04678AC3}.AppStore|Any CPU.ActiveCfg = Release|Any CPU
		{BEE7CD56-AC9C-459E-B9C3-049B04678AC3}.AppStore|Any CPU.Build.0 = Release|Any CPU
		{BEE7CD56-AC9C-459E-B9C3-049B04678AC3}.AppStore|ARM.ActiveCfg = Release|Any CPU
		{BEE7CD56-AC9C-459E-B9C3-049B04678AC3}.AppStore|ARM.Build.0 = Release|Any CPU
		{BEE7CD56-AC9C-459E-B9C3-049B04678AC3}.AppStore|iPhone.ActiveCfg = Release|Any CPU
		{BEE7CD56-AC9C-459E-B9C3-049B04678AC3}.AppStore|iPhone.Build.0 = Release|Any CPU
		{BEE7CD56-AC9C-459E-B9C3-049B04678AC3}.AppStore|iPhoneSimulator.ActiveCfg = Release|Any CPU
		{BEE7CD56-AC9C-459E-B9C3-049B04678AC3}.AppStore|iPhoneSimulator.Build.0 = Release|Any CPU
		{BEE7CD56-AC9C-459E-B9C3-049B04678AC3}.AppStore|x64.ActiveCfg = Release|Any CPU
		{BEE7CD56-AC9C-459E-B9C3-049B04678AC3}.AppStore|x64.Build.0 = Release|Any CPU
		{BEE7CD56-AC9C-459E-B9C3-049B04678AC3}.AppStore|x86.ActiveCfg = Release|Any CPU
		{BEE7CD56-AC9C-459E-B9C3-049B04678AC3}.AppStore|x86.Build.0 = Release|Any CPU
		{BEE7CD56-AC9C-459E-B9C3-049B04678AC3}.Debug|Any CPU.ActiveCfg = Debug|Any CPU
		{BEE7CD56-AC9C-459E-B9C3-049B04678AC3}.Debug|Any CPU.Build.0 = Debug|Any CPU
		{BEE7CD56-AC9C-459E-B9C3-049B04678AC3}.Debug|ARM.ActiveCfg = Debug|Any CPU
		{BEE7CD56-AC9C-459E-B9C3-049B04678AC3}.Debug|ARM.Build.0 = Debug|Any CPU
		{BEE7CD56-AC9C-459E-B9C3-049B04678AC3}.Debug|iPhone.ActiveCfg = Debug|Any CPU
		{BEE7CD56-AC9C-459E-B9C3-049B04678AC3}.Debug|iPhone.Build.0 = Debug|Any CPU
		{BEE7CD56-AC9C-459E-B9C3-049B04678AC3}.Debug|iPhoneSimulator.ActiveCfg = Debug|Any CPU
		{BEE7CD56-AC9C-459E-B9C3-049B04678AC3}.Debug|iPhoneSimulator.Build.0 = Debug|Any CPU
		{BEE7CD56-AC9C-459E-B9C3-049B04678AC3}.Debug|x64.ActiveCfg = Debug|Any CPU
		{BEE7CD56-AC9C-459E-B9C3-049B04678AC3}.Debug|x64.Build.0 = Debug|Any CPU
		{BEE7CD56-AC9C-459E-B9C3-049B04678AC3}.Debug|x86.ActiveCfg = Debug|Any CPU
		{BEE7CD56-AC9C-459E-B9C3-049B04678AC3}.Debug|x86.Build.0 = Debug|Any CPU
		{BEE7CD56-AC9C-459E-B9C3-049B04678AC3}.Release|Any CPU.ActiveCfg = Release|Any CPU
		{BEE7CD56-AC9C-459E-B9C3-049B04678AC3}.Release|Any CPU.Build.0 = Release|Any CPU
		{BEE7CD56-AC9C-459E-B9C3-049B04678AC3}.Release|ARM.ActiveCfg = Release|Any CPU
		{BEE7CD56-AC9C-459E-B9C3-049B04678AC3}.Release|ARM.Build.0 = Release|Any CPU
		{BEE7CD56-AC9C-459E-B9C3-049B04678AC3}.Release|iPhone.ActiveCfg = Release|Any CPU
		{BEE7CD56-AC9C-459E-B9C3-049B04678AC3}.Release|iPhone.Build.0 = Release|Any CPU
		{BEE7CD56-AC9C-459E-B9C3-049B04678AC3}.Release|iPhoneSimulator.ActiveCfg = Release|Any CPU
		{BEE7CD56-AC9C-459E-B9C3-049B04678AC3}.Release|iPhoneSimulator.Build.0 = Release|Any CPU
		{BEE7CD56-AC9C-459E-B9C3-049B04678AC3}.Release|x64.ActiveCfg = Release|Any CPU
		{BEE7CD56-AC9C-459E-B9C3-049B04678AC3}.Release|x64.Build.0 = Release|Any CPU
		{BEE7CD56-AC9C-459E-B9C3-049B04678AC3}.Release|x86.ActiveCfg = Release|Any CPU
		{BEE7CD56-AC9C-459E-B9C3-049B04678AC3}.Release|x86.Build.0 = Release|Any CPU
		{D421AB7F-E876-4E0F-A2FB-0D457460AE16}.Ad-Hoc|Any CPU.ActiveCfg = Release|Any CPU
		{D421AB7F-E876-4E0F-A2FB-0D457460AE16}.Ad-Hoc|Any CPU.Build.0 = Release|Any CPU
		{D421AB7F-E876-4E0F-A2FB-0D457460AE16}.Ad-Hoc|ARM.ActiveCfg = Release|ARM
		{D421AB7F-E876-4E0F-A2FB-0D457460AE16}.Ad-Hoc|ARM.Build.0 = Release|ARM
		{D421AB7F-E876-4E0F-A2FB-0D457460AE16}.Ad-Hoc|iPhone.ActiveCfg = Release|Any CPU
		{D421AB7F-E876-4E0F-A2FB-0D457460AE16}.Ad-Hoc|iPhone.Build.0 = Release|Any CPU
		{D421AB7F-E876-4E0F-A2FB-0D457460AE16}.Ad-Hoc|iPhoneSimulator.ActiveCfg = Release|Any CPU
		{D421AB7F-E876-4E0F-A2FB-0D457460AE16}.Ad-Hoc|iPhoneSimulator.Build.0 = Release|Any CPU
		{D421AB7F-E876-4E0F-A2FB-0D457460AE16}.Ad-Hoc|x64.ActiveCfg = Release|x64
		{D421AB7F-E876-4E0F-A2FB-0D457460AE16}.Ad-Hoc|x64.Build.0 = Release|x64
		{D421AB7F-E876-4E0F-A2FB-0D457460AE16}.Ad-Hoc|x86.ActiveCfg = Release|x86
		{D421AB7F-E876-4E0F-A2FB-0D457460AE16}.Ad-Hoc|x86.Build.0 = Release|x86
		{D421AB7F-E876-4E0F-A2FB-0D457460AE16}.AppStore|Any CPU.ActiveCfg = Release|Any CPU
		{D421AB7F-E876-4E0F-A2FB-0D457460AE16}.AppStore|Any CPU.Build.0 = Release|Any CPU
		{D421AB7F-E876-4E0F-A2FB-0D457460AE16}.AppStore|ARM.ActiveCfg = Release|ARM
		{D421AB7F-E876-4E0F-A2FB-0D457460AE16}.AppStore|ARM.Build.0 = Release|ARM
		{D421AB7F-E876-4E0F-A2FB-0D457460AE16}.AppStore|iPhone.ActiveCfg = Release|Any CPU
		{D421AB7F-E876-4E0F-A2FB-0D457460AE16}.AppStore|iPhone.Build.0 = Release|Any CPU
		{D421AB7F-E876-4E0F-A2FB-0D457460AE16}.AppStore|iPhoneSimulator.ActiveCfg = Release|Any CPU
		{D421AB7F-E876-4E0F-A2FB-0D457460AE16}.AppStore|iPhoneSimulator.Build.0 = Release|Any CPU
		{D421AB7F-E876-4E0F-A2FB-0D457460AE16}.AppStore|x64.ActiveCfg = Release|x64
		{D421AB7F-E876-4E0F-A2FB-0D457460AE16}.AppStore|x64.Build.0 = Release|x64
		{D421AB7F-E876-4E0F-A2FB-0D457460AE16}.AppStore|x86.ActiveCfg = Release|x86
		{D421AB7F-E876-4E0F-A2FB-0D457460AE16}.AppStore|x86.Build.0 = Release|x86
		{D421AB7F-E876-4E0F-A2FB-0D457460AE16}.Debug|Any CPU.ActiveCfg = Debug|Any CPU
		{D421AB7F-E876-4E0F-A2FB-0D457460AE16}.Debug|Any CPU.Build.0 = Debug|Any CPU
		{D421AB7F-E876-4E0F-A2FB-0D457460AE16}.Debug|ARM.ActiveCfg = Debug|ARM
		{D421AB7F-E876-4E0F-A2FB-0D457460AE16}.Debug|ARM.Build.0 = Debug|ARM
		{D421AB7F-E876-4E0F-A2FB-0D457460AE16}.Debug|iPhone.ActiveCfg = Debug|Any CPU
		{D421AB7F-E876-4E0F-A2FB-0D457460AE16}.Debug|iPhone.Build.0 = Debug|Any CPU
		{D421AB7F-E876-4E0F-A2FB-0D457460AE16}.Debug|iPhoneSimulator.ActiveCfg = Debug|Any CPU
		{D421AB7F-E876-4E0F-A2FB-0D457460AE16}.Debug|iPhoneSimulator.Build.0 = Debug|Any CPU
		{D421AB7F-E876-4E0F-A2FB-0D457460AE16}.Debug|x64.ActiveCfg = Debug|x64
		{D421AB7F-E876-4E0F-A2FB-0D457460AE16}.Debug|x64.Build.0 = Debug|x64
		{D421AB7F-E876-4E0F-A2FB-0D457460AE16}.Debug|x86.ActiveCfg = Debug|x86
		{D421AB7F-E876-4E0F-A2FB-0D457460AE16}.Debug|x86.Build.0 = Debug|x86
		{D421AB7F-E876-4E0F-A2FB-0D457460AE16}.Release|Any CPU.ActiveCfg = Release|Any CPU
		{D421AB7F-E876-4E0F-A2FB-0D457460AE16}.Release|Any CPU.Build.0 = Release|Any CPU
		{D421AB7F-E876-4E0F-A2FB-0D457460AE16}.Release|ARM.ActiveCfg = Release|ARM
		{D421AB7F-E876-4E0F-A2FB-0D457460AE16}.Release|ARM.Build.0 = Release|ARM
		{D421AB7F-E876-4E0F-A2FB-0D457460AE16}.Release|iPhone.ActiveCfg = Release|Any CPU
		{D421AB7F-E876-4E0F-A2FB-0D457460AE16}.Release|iPhone.Build.0 = Release|Any CPU
		{D421AB7F-E876-4E0F-A2FB-0D457460AE16}.Release|iPhoneSimulator.ActiveCfg = Release|Any CPU
		{D421AB7F-E876-4E0F-A2FB-0D457460AE16}.Release|iPhoneSimulator.Build.0 = Release|Any CPU
		{D421AB7F-E876-4E0F-A2FB-0D457460AE16}.Release|x64.ActiveCfg = Release|x64
		{D421AB7F-E876-4E0F-A2FB-0D457460AE16}.Release|x64.Build.0 = Release|x64
		{D421AB7F-E876-4E0F-A2FB-0D457460AE16}.Release|x86.ActiveCfg = Release|x86
		{D421AB7F-E876-4E0F-A2FB-0D457460AE16}.Release|x86.Build.0 = Release|x86
		{B7C26843-9E6E-49C2-BB46-B71C22F36B1D}.Ad-Hoc|Any CPU.ActiveCfg = Release|x64
		{B7C26843-9E6E-49C2-BB46-B71C22F36B1D}.Ad-Hoc|Any CPU.Build.0 = Release|x64
		{B7C26843-9E6E-49C2-BB46-B71C22F36B1D}.Ad-Hoc|Any CPU.Deploy.0 = Release|x64
		{B7C26843-9E6E-49C2-BB46-B71C22F36B1D}.Ad-Hoc|ARM.ActiveCfg = Release|ARM
		{B7C26843-9E6E-49C2-BB46-B71C22F36B1D}.Ad-Hoc|ARM.Build.0 = Release|ARM
		{B7C26843-9E6E-49C2-BB46-B71C22F36B1D}.Ad-Hoc|ARM.Deploy.0 = Release|ARM
		{B7C26843-9E6E-49C2-BB46-B71C22F36B1D}.Ad-Hoc|iPhone.ActiveCfg = Release|x64
		{B7C26843-9E6E-49C2-BB46-B71C22F36B1D}.Ad-Hoc|iPhone.Build.0 = Release|x64
		{B7C26843-9E6E-49C2-BB46-B71C22F36B1D}.Ad-Hoc|iPhone.Deploy.0 = Release|x64
		{B7C26843-9E6E-49C2-BB46-B71C22F36B1D}.Ad-Hoc|iPhoneSimulator.ActiveCfg = Release|x64
		{B7C26843-9E6E-49C2-BB46-B71C22F36B1D}.Ad-Hoc|iPhoneSimulator.Build.0 = Release|x64
		{B7C26843-9E6E-49C2-BB46-B71C22F36B1D}.Ad-Hoc|iPhoneSimulator.Deploy.0 = Release|x64
		{B7C26843-9E6E-49C2-BB46-B71C22F36B1D}.Ad-Hoc|x64.ActiveCfg = Release|x64
		{B7C26843-9E6E-49C2-BB46-B71C22F36B1D}.Ad-Hoc|x64.Build.0 = Release|x64
		{B7C26843-9E6E-49C2-BB46-B71C22F36B1D}.Ad-Hoc|x64.Deploy.0 = Release|x64
		{B7C26843-9E6E-49C2-BB46-B71C22F36B1D}.Ad-Hoc|x86.ActiveCfg = Release|x86
		{B7C26843-9E6E-49C2-BB46-B71C22F36B1D}.Ad-Hoc|x86.Build.0 = Release|x86
		{B7C26843-9E6E-49C2-BB46-B71C22F36B1D}.Ad-Hoc|x86.Deploy.0 = Release|x86
		{B7C26843-9E6E-49C2-BB46-B71C22F36B1D}.AppStore|Any CPU.ActiveCfg = Release|x64
		{B7C26843-9E6E-49C2-BB46-B71C22F36B1D}.AppStore|Any CPU.Build.0 = Release|x64
		{B7C26843-9E6E-49C2-BB46-B71C22F36B1D}.AppStore|Any CPU.Deploy.0 = Release|x64
		{B7C26843-9E6E-49C2-BB46-B71C22F36B1D}.AppStore|ARM.ActiveCfg = Release|ARM
		{B7C26843-9E6E-49C2-BB46-B71C22F36B1D}.AppStore|ARM.Build.0 = Release|ARM
		{B7C26843-9E6E-49C2-BB46-B71C22F36B1D}.AppStore|ARM.Deploy.0 = Release|ARM
		{B7C26843-9E6E-49C2-BB46-B71C22F36B1D}.AppStore|iPhone.ActiveCfg = Release|x64
		{B7C26843-9E6E-49C2-BB46-B71C22F36B1D}.AppStore|iPhone.Build.0 = Release|x64
		{B7C26843-9E6E-49C2-BB46-B71C22F36B1D}.AppStore|iPhone.Deploy.0 = Release|x64
		{B7C26843-9E6E-49C2-BB46-B71C22F36B1D}.AppStore|iPhoneSimulator.ActiveCfg = Release|x64
		{B7C26843-9E6E-49C2-BB46-B71C22F36B1D}.AppStore|iPhoneSimulator.Build.0 = Release|x64
		{B7C26843-9E6E-49C2-BB46-B71C22F36B1D}.AppStore|iPhoneSimulator.Deploy.0 = Release|x64
		{B7C26843-9E6E-49C2-BB46-B71C22F36B1D}.AppStore|x64.ActiveCfg = Release|x64
		{B7C26843-9E6E-49C2-BB46-B71C22F36B1D}.AppStore|x64.Build.0 = Release|x64
		{B7C26843-9E6E-49C2-BB46-B71C22F36B1D}.AppStore|x64.Deploy.0 = Release|x64
		{B7C26843-9E6E-49C2-BB46-B71C22F36B1D}.AppStore|x86.ActiveCfg = Release|x86
		{B7C26843-9E6E-49C2-BB46-B71C22F36B1D}.AppStore|x86.Build.0 = Release|x86
		{B7C26843-9E6E-49C2-BB46-B71C22F36B1D}.AppStore|x86.Deploy.0 = Release|x86
		{B7C26843-9E6E-49C2-BB46-B71C22F36B1D}.Debug|Any CPU.ActiveCfg = Debug|x86
		{B7C26843-9E6E-49C2-BB46-B71C22F36B1D}.Debug|ARM.ActiveCfg = Debug|ARM
		{B7C26843-9E6E-49C2-BB46-B71C22F36B1D}.Debug|ARM.Build.0 = Debug|ARM
		{B7C26843-9E6E-49C2-BB46-B71C22F36B1D}.Debug|ARM.Deploy.0 = Debug|ARM
		{B7C26843-9E6E-49C2-BB46-B71C22F36B1D}.Debug|iPhone.ActiveCfg = Debug|x86
		{B7C26843-9E6E-49C2-BB46-B71C22F36B1D}.Debug|iPhoneSimulator.ActiveCfg = Debug|x86
		{B7C26843-9E6E-49C2-BB46-B71C22F36B1D}.Debug|x64.ActiveCfg = Debug|x64
		{B7C26843-9E6E-49C2-BB46-B71C22F36B1D}.Debug|x64.Build.0 = Debug|x64
		{B7C26843-9E6E-49C2-BB46-B71C22F36B1D}.Debug|x64.Deploy.0 = Debug|x64
		{B7C26843-9E6E-49C2-BB46-B71C22F36B1D}.Debug|x86.ActiveCfg = Debug|x86
		{B7C26843-9E6E-49C2-BB46-B71C22F36B1D}.Debug|x86.Build.0 = Debug|x86
		{B7C26843-9E6E-49C2-BB46-B71C22F36B1D}.Debug|x86.Deploy.0 = Debug|x86
		{B7C26843-9E6E-49C2-BB46-B71C22F36B1D}.Release|Any CPU.ActiveCfg = Release|x86
		{B7C26843-9E6E-49C2-BB46-B71C22F36B1D}.Release|ARM.ActiveCfg = Release|ARM
		{B7C26843-9E6E-49C2-BB46-B71C22F36B1D}.Release|ARM.Build.0 = Release|ARM
		{B7C26843-9E6E-49C2-BB46-B71C22F36B1D}.Release|ARM.Deploy.0 = Release|ARM
		{B7C26843-9E6E-49C2-BB46-B71C22F36B1D}.Release|iPhone.ActiveCfg = Release|x86
		{B7C26843-9E6E-49C2-BB46-B71C22F36B1D}.Release|iPhoneSimulator.ActiveCfg = Release|x86
		{B7C26843-9E6E-49C2-BB46-B71C22F36B1D}.Release|x64.ActiveCfg = Release|x64
		{B7C26843-9E6E-49C2-BB46-B71C22F36B1D}.Release|x64.Build.0 = Release|x64
		{B7C26843-9E6E-49C2-BB46-B71C22F36B1D}.Release|x64.Deploy.0 = Release|x64
		{B7C26843-9E6E-49C2-BB46-B71C22F36B1D}.Release|x86.ActiveCfg = Release|x86
		{B7C26843-9E6E-49C2-BB46-B71C22F36B1D}.Release|x86.Build.0 = Release|x86
		{B7C26843-9E6E-49C2-BB46-B71C22F36B1D}.Release|x86.Deploy.0 = Release|x86
		{397F75F1-4519-4895-8508-D4756B209609}.Ad-Hoc|Any CPU.ActiveCfg = Release|Any CPU
		{397F75F1-4519-4895-8508-D4756B209609}.Ad-Hoc|Any CPU.Build.0 = Release|Any CPU
		{397F75F1-4519-4895-8508-D4756B209609}.Ad-Hoc|ARM.ActiveCfg = Release|Any CPU
		{397F75F1-4519-4895-8508-D4756B209609}.Ad-Hoc|ARM.Build.0 = Release|Any CPU
		{397F75F1-4519-4895-8508-D4756B209609}.Ad-Hoc|iPhone.ActiveCfg = Release|Any CPU
		{397F75F1-4519-4895-8508-D4756B209609}.Ad-Hoc|iPhone.Build.0 = Release|Any CPU
		{397F75F1-4519-4895-8508-D4756B209609}.Ad-Hoc|iPhoneSimulator.ActiveCfg = Release|Any CPU
		{397F75F1-4519-4895-8508-D4756B209609}.Ad-Hoc|iPhoneSimulator.Build.0 = Release|Any CPU
		{397F75F1-4519-4895-8508-D4756B209609}.Ad-Hoc|x64.ActiveCfg = Release|Any CPU
		{397F75F1-4519-4895-8508-D4756B209609}.Ad-Hoc|x64.Build.0 = Release|Any CPU
		{397F75F1-4519-4895-8508-D4756B209609}.Ad-Hoc|x86.ActiveCfg = Release|Any CPU
		{397F75F1-4519-4895-8508-D4756B209609}.Ad-Hoc|x86.Build.0 = Release|Any CPU
		{397F75F1-4519-4895-8508-D4756B209609}.AppStore|Any CPU.ActiveCfg = Release|Any CPU
		{397F75F1-4519-4895-8508-D4756B209609}.AppStore|Any CPU.Build.0 = Release|Any CPU
		{397F75F1-4519-4895-8508-D4756B209609}.AppStore|ARM.ActiveCfg = Release|Any CPU
		{397F75F1-4519-4895-8508-D4756B209609}.AppStore|ARM.Build.0 = Release|Any CPU
		{397F75F1-4519-4895-8508-D4756B209609}.AppStore|iPhone.ActiveCfg = Release|Any CPU
		{397F75F1-4519-4895-8508-D4756B209609}.AppStore|iPhone.Build.0 = Release|Any CPU
		{397F75F1-4519-4895-8508-D4756B209609}.AppStore|iPhoneSimulator.ActiveCfg = Release|Any CPU
		{397F75F1-4519-4895-8508-D4756B209609}.AppStore|iPhoneSimulator.Build.0 = Release|Any CPU
		{397F75F1-4519-4895-8508-D4756B209609}.AppStore|x64.ActiveCfg = Release|Any CPU
		{397F75F1-4519-4895-8508-D4756B209609}.AppStore|x64.Build.0 = Release|Any CPU
		{397F75F1-4519-4895-8508-D4756B209609}.AppStore|x86.ActiveCfg = Release|Any CPU
		{397F75F1-4519-4895-8508-D4756B209609}.AppStore|x86.Build.0 = Release|Any CPU
		{397F75F1-4519-4895-8508-D4756B209609}.Debug|Any CPU.ActiveCfg = Debug|Any CPU
		{397F75F1-4519-4895-8508-D4756B209609}.Debug|Any CPU.Build.0 = Debug|Any CPU
		{397F75F1-4519-4895-8508-D4756B209609}.Debug|ARM.ActiveCfg = Debug|Any CPU
		{397F75F1-4519-4895-8508-D4756B209609}.Debug|ARM.Build.0 = Debug|Any CPU
		{397F75F1-4519-4895-8508-D4756B209609}.Debug|iPhone.ActiveCfg = Debug|Any CPU
		{397F75F1-4519-4895-8508-D4756B209609}.Debug|iPhone.Build.0 = Debug|Any CPU
		{397F75F1-4519-4895-8508-D4756B209609}.Debug|iPhoneSimulator.ActiveCfg = Debug|Any CPU
		{397F75F1-4519-4895-8508-D4756B209609}.Debug|iPhoneSimulator.Build.0 = Debug|Any CPU
		{397F75F1-4519-4895-8508-D4756B209609}.Debug|x64.ActiveCfg = Debug|Any CPU
		{397F75F1-4519-4895-8508-D4756B209609}.Debug|x64.Build.0 = Debug|Any CPU
		{397F75F1-4519-4895-8508-D4756B209609}.Debug|x86.ActiveCfg = Debug|Any CPU
		{397F75F1-4519-4895-8508-D4756B209609}.Debug|x86.Build.0 = Debug|Any CPU
		{397F75F1-4519-4895-8508-D4756B209609}.Release|Any CPU.ActiveCfg = Release|Any CPU
		{397F75F1-4519-4895-8508-D4756B209609}.Release|Any CPU.Build.0 = Release|Any CPU
		{397F75F1-4519-4895-8508-D4756B209609}.Release|ARM.ActiveCfg = Release|Any CPU
		{397F75F1-4519-4895-8508-D4756B209609}.Release|ARM.Build.0 = Release|Any CPU
		{397F75F1-4519-4895-8508-D4756B209609}.Release|iPhone.ActiveCfg = Release|Any CPU
		{397F75F1-4519-4895-8508-D4756B209609}.Release|iPhone.Build.0 = Release|Any CPU
		{397F75F1-4519-4895-8508-D4756B209609}.Release|iPhoneSimulator.ActiveCfg = Release|Any CPU
		{397F75F1-4519-4895-8508-D4756B209609}.Release|iPhoneSimulator.Build.0 = Release|Any CPU
		{397F75F1-4519-4895-8508-D4756B209609}.Release|x64.ActiveCfg = Release|Any CPU
		{397F75F1-4519-4895-8508-D4756B209609}.Release|x64.Build.0 = Release|Any CPU
		{397F75F1-4519-4895-8508-D4756B209609}.Release|x86.ActiveCfg = Release|Any CPU
		{397F75F1-4519-4895-8508-D4756B209609}.Release|x86.Build.0 = Release|Any CPU
		{EB2B3372-1026-44EA-B622-AA774C65B2B6}.Ad-Hoc|Any CPU.ActiveCfg = Release|Any CPU
		{EB2B3372-1026-44EA-B622-AA774C65B2B6}.Ad-Hoc|Any CPU.Build.0 = Release|Any CPU
		{EB2B3372-1026-44EA-B622-AA774C65B2B6}.Ad-Hoc|Any CPU.Deploy.0 = Release|Any CPU
		{EB2B3372-1026-44EA-B622-AA774C65B2B6}.Ad-Hoc|ARM.ActiveCfg = Release|Any CPU
		{EB2B3372-1026-44EA-B622-AA774C65B2B6}.Ad-Hoc|ARM.Build.0 = Release|Any CPU
		{EB2B3372-1026-44EA-B622-AA774C65B2B6}.Ad-Hoc|ARM.Deploy.0 = Release|Any CPU
		{EB2B3372-1026-44EA-B622-AA774C65B2B6}.Ad-Hoc|iPhone.ActiveCfg = Release|Any CPU
		{EB2B3372-1026-44EA-B622-AA774C65B2B6}.Ad-Hoc|iPhone.Build.0 = Release|Any CPU
		{EB2B3372-1026-44EA-B622-AA774C65B2B6}.Ad-Hoc|iPhone.Deploy.0 = Release|Any CPU
		{EB2B3372-1026-44EA-B622-AA774C65B2B6}.Ad-Hoc|iPhoneSimulator.ActiveCfg = Release|Any CPU
		{EB2B3372-1026-44EA-B622-AA774C65B2B6}.Ad-Hoc|iPhoneSimulator.Build.0 = Release|Any CPU
		{EB2B3372-1026-44EA-B622-AA774C65B2B6}.Ad-Hoc|iPhoneSimulator.Deploy.0 = Release|Any CPU
		{EB2B3372-1026-44EA-B622-AA774C65B2B6}.Ad-Hoc|x64.ActiveCfg = Release|Any CPU
		{EB2B3372-1026-44EA-B622-AA774C65B2B6}.Ad-Hoc|x64.Build.0 = Release|Any CPU
		{EB2B3372-1026-44EA-B622-AA774C65B2B6}.Ad-Hoc|x64.Deploy.0 = Release|Any CPU
		{EB2B3372-1026-44EA-B622-AA774C65B2B6}.Ad-Hoc|x86.ActiveCfg = Release|Any CPU
		{EB2B3372-1026-44EA-B622-AA774C65B2B6}.Ad-Hoc|x86.Build.0 = Release|Any CPU
		{EB2B3372-1026-44EA-B622-AA774C65B2B6}.Ad-Hoc|x86.Deploy.0 = Release|Any CPU
		{EB2B3372-1026-44EA-B622-AA774C65B2B6}.AppStore|Any CPU.ActiveCfg = Release|Any CPU
		{EB2B3372-1026-44EA-B622-AA774C65B2B6}.AppStore|Any CPU.Build.0 = Release|Any CPU
		{EB2B3372-1026-44EA-B622-AA774C65B2B6}.AppStore|Any CPU.Deploy.0 = Release|Any CPU
		{EB2B3372-1026-44EA-B622-AA774C65B2B6}.AppStore|ARM.ActiveCfg = Release|Any CPU
		{EB2B3372-1026-44EA-B622-AA774C65B2B6}.AppStore|ARM.Build.0 = Release|Any CPU
		{EB2B3372-1026-44EA-B622-AA774C65B2B6}.AppStore|ARM.Deploy.0 = Release|Any CPU
		{EB2B3372-1026-44EA-B622-AA774C65B2B6}.AppStore|iPhone.ActiveCfg = Release|Any CPU
		{EB2B3372-1026-44EA-B622-AA774C65B2B6}.AppStore|iPhone.Build.0 = Release|Any CPU
		{EB2B3372-1026-44EA-B622-AA774C65B2B6}.AppStore|iPhone.Deploy.0 = Release|Any CPU
		{EB2B3372-1026-44EA-B622-AA774C65B2B6}.AppStore|iPhoneSimulator.ActiveCfg = Release|Any CPU
		{EB2B3372-1026-44EA-B622-AA774C65B2B6}.AppStore|iPhoneSimulator.Build.0 = Release|Any CPU
		{EB2B3372-1026-44EA-B622-AA774C65B2B6}.AppStore|iPhoneSimulator.Deploy.0 = Release|Any CPU
		{EB2B3372-1026-44EA-B622-AA774C65B2B6}.AppStore|x64.ActiveCfg = Release|Any CPU
		{EB2B3372-1026-44EA-B622-AA774C65B2B6}.AppStore|x64.Build.0 = Release|Any CPU
		{EB2B3372-1026-44EA-B622-AA774C65B2B6}.AppStore|x64.Deploy.0 = Release|Any CPU
		{EB2B3372-1026-44EA-B622-AA774C65B2B6}.AppStore|x86.ActiveCfg = Release|Any CPU
		{EB2B3372-1026-44EA-B622-AA774C65B2B6}.AppStore|x86.Build.0 = Release|Any CPU
		{EB2B3372-1026-44EA-B622-AA774C65B2B6}.AppStore|x86.Deploy.0 = Release|Any CPU
		{EB2B3372-1026-44EA-B622-AA774C65B2B6}.Debug|Any CPU.ActiveCfg = Debug|Any CPU
		{EB2B3372-1026-44EA-B622-AA774C65B2B6}.Debug|Any CPU.Build.0 = Debug|Any CPU
		{EB2B3372-1026-44EA-B622-AA774C65B2B6}.Debug|Any CPU.Deploy.0 = Debug|Any CPU
		{EB2B3372-1026-44EA-B622-AA774C65B2B6}.Debug|ARM.ActiveCfg = Debug|Any CPU
		{EB2B3372-1026-44EA-B622-AA774C65B2B6}.Debug|ARM.Build.0 = Debug|Any CPU
		{EB2B3372-1026-44EA-B622-AA774C65B2B6}.Debug|ARM.Deploy.0 = Debug|Any CPU
		{EB2B3372-1026-44EA-B622-AA774C65B2B6}.Debug|iPhone.ActiveCfg = Debug|Any CPU
		{EB2B3372-1026-44EA-B622-AA774C65B2B6}.Debug|iPhone.Build.0 = Debug|Any CPU
		{EB2B3372-1026-44EA-B622-AA774C65B2B6}.Debug|iPhone.Deploy.0 = Debug|Any CPU
		{EB2B3372-1026-44EA-B622-AA774C65B2B6}.Debug|iPhoneSimulator.ActiveCfg = Debug|Any CPU
		{EB2B3372-1026-44EA-B622-AA774C65B2B6}.Debug|iPhoneSimulator.Build.0 = Debug|Any CPU
		{EB2B3372-1026-44EA-B622-AA774C65B2B6}.Debug|iPhoneSimulator.Deploy.0 = Debug|Any CPU
		{EB2B3372-1026-44EA-B622-AA774C65B2B6}.Debug|x64.ActiveCfg = Debug|Any CPU
		{EB2B3372-1026-44EA-B622-AA774C65B2B6}.Debug|x64.Build.0 = Debug|Any CPU
		{EB2B3372-1026-44EA-B622-AA774C65B2B6}.Debug|x64.Deploy.0 = Debug|Any CPU
		{EB2B3372-1026-44EA-B622-AA774C65B2B6}.Debug|x86.ActiveCfg = Debug|Any CPU
		{EB2B3372-1026-44EA-B622-AA774C65B2B6}.Debug|x86.Build.0 = Debug|Any CPU
		{EB2B3372-1026-44EA-B622-AA774C65B2B6}.Debug|x86.Deploy.0 = Debug|Any CPU
		{EB2B3372-1026-44EA-B622-AA774C65B2B6}.Release|Any CPU.ActiveCfg = Release|Any CPU
		{EB2B3372-1026-44EA-B622-AA774C65B2B6}.Release|Any CPU.Build.0 = Release|Any CPU
		{EB2B3372-1026-44EA-B622-AA774C65B2B6}.Release|Any CPU.Deploy.0 = Release|Any CPU
		{EB2B3372-1026-44EA-B622-AA774C65B2B6}.Release|ARM.ActiveCfg = Release|Any CPU
		{EB2B3372-1026-44EA-B622-AA774C65B2B6}.Release|ARM.Build.0 = Release|Any CPU
		{EB2B3372-1026-44EA-B622-AA774C65B2B6}.Release|ARM.Deploy.0 = Release|Any CPU
		{EB2B3372-1026-44EA-B622-AA774C65B2B6}.Release|iPhone.ActiveCfg = Release|Any CPU
		{EB2B3372-1026-44EA-B622-AA774C65B2B6}.Release|iPhone.Build.0 = Release|Any CPU
		{EB2B3372-1026-44EA-B622-AA774C65B2B6}.Release|iPhone.Deploy.0 = Release|Any CPU
		{EB2B3372-1026-44EA-B622-AA774C65B2B6}.Release|iPhoneSimulator.ActiveCfg = Release|Any CPU
		{EB2B3372-1026-44EA-B622-AA774C65B2B6}.Release|iPhoneSimulator.Build.0 = Release|Any CPU
		{EB2B3372-1026-44EA-B622-AA774C65B2B6}.Release|iPhoneSimulator.Deploy.0 = Release|Any CPU
		{EB2B3372-1026-44EA-B622-AA774C65B2B6}.Release|x64.ActiveCfg = Release|Any CPU
		{EB2B3372-1026-44EA-B622-AA774C65B2B6}.Release|x64.Build.0 = Release|Any CPU
		{EB2B3372-1026-44EA-B622-AA774C65B2B6}.Release|x64.Deploy.0 = Release|Any CPU
		{EB2B3372-1026-44EA-B622-AA774C65B2B6}.Release|x86.ActiveCfg = Release|Any CPU
		{EB2B3372-1026-44EA-B622-AA774C65B2B6}.Release|x86.Build.0 = Release|Any CPU
		{EB2B3372-1026-44EA-B622-AA774C65B2B6}.Release|x86.Deploy.0 = Release|Any CPU
		{8C0F0A23-1C89-403C-9353-257EA9D13078}.Ad-Hoc|Any CPU.ActiveCfg = Release|Any CPU
		{8C0F0A23-1C89-403C-9353-257EA9D13078}.Ad-Hoc|Any CPU.Build.0 = Release|Any CPU
		{8C0F0A23-1C89-403C-9353-257EA9D13078}.Ad-Hoc|ARM.ActiveCfg = Release|Any CPU
		{8C0F0A23-1C89-403C-9353-257EA9D13078}.Ad-Hoc|ARM.Build.0 = Release|Any CPU
		{8C0F0A23-1C89-403C-9353-257EA9D13078}.Ad-Hoc|iPhone.ActiveCfg = Release|Any CPU
		{8C0F0A23-1C89-403C-9353-257EA9D13078}.Ad-Hoc|iPhone.Build.0 = Release|Any CPU
		{8C0F0A23-1C89-403C-9353-257EA9D13078}.Ad-Hoc|iPhoneSimulator.ActiveCfg = Release|Any CPU
		{8C0F0A23-1C89-403C-9353-257EA9D13078}.Ad-Hoc|iPhoneSimulator.Build.0 = Release|Any CPU
		{8C0F0A23-1C89-403C-9353-257EA9D13078}.Ad-Hoc|x64.ActiveCfg = Release|Any CPU
		{8C0F0A23-1C89-403C-9353-257EA9D13078}.Ad-Hoc|x64.Build.0 = Release|Any CPU
		{8C0F0A23-1C89-403C-9353-257EA9D13078}.Ad-Hoc|x86.ActiveCfg = Release|Any CPU
		{8C0F0A23-1C89-403C-9353-257EA9D13078}.Ad-Hoc|x86.Build.0 = Release|Any CPU
		{8C0F0A23-1C89-403C-9353-257EA9D13078}.AppStore|Any CPU.ActiveCfg = Release|Any CPU
		{8C0F0A23-1C89-403C-9353-257EA9D13078}.AppStore|Any CPU.Build.0 = Release|Any CPU
		{8C0F0A23-1C89-403C-9353-257EA9D13078}.AppStore|ARM.ActiveCfg = Release|Any CPU
		{8C0F0A23-1C89-403C-9353-257EA9D13078}.AppStore|ARM.Build.0 = Release|Any CPU
		{8C0F0A23-1C89-403C-9353-257EA9D13078}.AppStore|iPhone.ActiveCfg = Release|Any CPU
		{8C0F0A23-1C89-403C-9353-257EA9D13078}.AppStore|iPhone.Build.0 = Release|Any CPU
		{8C0F0A23-1C89-403C-9353-257EA9D13078}.AppStore|iPhoneSimulator.ActiveCfg = Release|Any CPU
		{8C0F0A23-1C89-403C-9353-257EA9D13078}.AppStore|iPhoneSimulator.Build.0 = Release|Any CPU
		{8C0F0A23-1C89-403C-9353-257EA9D13078}.AppStore|x64.ActiveCfg = Release|Any CPU
		{8C0F0A23-1C89-403C-9353-257EA9D13078}.AppStore|x64.Build.0 = Release|Any CPU
		{8C0F0A23-1C89-403C-9353-257EA9D13078}.AppStore|x86.ActiveCfg = Release|Any CPU
		{8C0F0A23-1C89-403C-9353-257EA9D13078}.AppStore|x86.Build.0 = Release|Any CPU
		{8C0F0A23-1C89-403C-9353-257EA9D13078}.Debug|Any CPU.ActiveCfg = Debug|Any CPU
		{8C0F0A23-1C89-403C-9353-257EA9D13078}.Debug|Any CPU.Build.0 = Debug|Any CPU
		{8C0F0A23-1C89-403C-9353-257EA9D13078}.Debug|ARM.ActiveCfg = Debug|Any CPU
		{8C0F0A23-1C89-403C-9353-257EA9D13078}.Debug|ARM.Build.0 = Debug|Any CPU
		{8C0F0A23-1C89-403C-9353-257EA9D13078}.Debug|iPhone.ActiveCfg = Debug|Any CPU
		{8C0F0A23-1C89-403C-9353-257EA9D13078}.Debug|iPhone.Build.0 = Debug|Any CPU
		{8C0F0A23-1C89-403C-9353-257EA9D13078}.Debug|iPhoneSimulator.ActiveCfg = Debug|Any CPU
		{8C0F0A23-1C89-403C-9353-257EA9D13078}.Debug|iPhoneSimulator.Build.0 = Debug|Any CPU
		{8C0F0A23-1C89-403C-9353-257EA9D13078}.Debug|x64.ActiveCfg = Debug|Any CPU
		{8C0F0A23-1C89-403C-9353-257EA9D13078}.Debug|x64.Build.0 = Debug|Any CPU
		{8C0F0A23-1C89-403C-9353-257EA9D13078}.Debug|x86.ActiveCfg = Debug|Any CPU
		{8C0F0A23-1C89-403C-9353-257EA9D13078}.Debug|x86.Build.0 = Debug|Any CPU
		{8C0F0A23-1C89-403C-9353-257EA9D13078}.Release|Any CPU.ActiveCfg = Release|Any CPU
		{8C0F0A23-1C89-403C-9353-257EA9D13078}.Release|Any CPU.Build.0 = Release|Any CPU
		{8C0F0A23-1C89-403C-9353-257EA9D13078}.Release|ARM.ActiveCfg = Release|Any CPU
		{8C0F0A23-1C89-403C-9353-257EA9D13078}.Release|ARM.Build.0 = Release|Any CPU
		{8C0F0A23-1C89-403C-9353-257EA9D13078}.Release|iPhone.ActiveCfg = Release|Any CPU
		{8C0F0A23-1C89-403C-9353-257EA9D13078}.Release|iPhone.Build.0 = Release|Any CPU
		{8C0F0A23-1C89-403C-9353-257EA9D13078}.Release|iPhoneSimulator.ActiveCfg = Release|Any CPU
		{8C0F0A23-1C89-403C-9353-257EA9D13078}.Release|iPhoneSimulator.Build.0 = Release|Any CPU
		{8C0F0A23-1C89-403C-9353-257EA9D13078}.Release|x64.ActiveCfg = Release|Any CPU
		{8C0F0A23-1C89-403C-9353-257EA9D13078}.Release|x64.Build.0 = Release|Any CPU
		{8C0F0A23-1C89-403C-9353-257EA9D13078}.Release|x86.ActiveCfg = Release|Any CPU
		{8C0F0A23-1C89-403C-9353-257EA9D13078}.Release|x86.Build.0 = Release|Any CPU
		{6B9B02A2-AF31-42E2-966A-84472A4F2BA2}.Ad-Hoc|Any CPU.ActiveCfg = Ad-Hoc|iPhone
		{6B9B02A2-AF31-42E2-966A-84472A4F2BA2}.Ad-Hoc|ARM.ActiveCfg = Ad-Hoc|iPhone
		{6B9B02A2-AF31-42E2-966A-84472A4F2BA2}.Ad-Hoc|iPhone.ActiveCfg = Ad-Hoc|iPhone
		{6B9B02A2-AF31-42E2-966A-84472A4F2BA2}.Ad-Hoc|iPhone.Build.0 = Ad-Hoc|iPhone
		{6B9B02A2-AF31-42E2-966A-84472A4F2BA2}.Ad-Hoc|iPhoneSimulator.ActiveCfg = Ad-Hoc|iPhoneSimulator
		{6B9B02A2-AF31-42E2-966A-84472A4F2BA2}.Ad-Hoc|iPhoneSimulator.Build.0 = Ad-Hoc|iPhoneSimulator
		{6B9B02A2-AF31-42E2-966A-84472A4F2BA2}.Ad-Hoc|x64.ActiveCfg = Ad-Hoc|iPhone
		{6B9B02A2-AF31-42E2-966A-84472A4F2BA2}.Ad-Hoc|x86.ActiveCfg = Ad-Hoc|iPhone
		{6B9B02A2-AF31-42E2-966A-84472A4F2BA2}.AppStore|Any CPU.ActiveCfg = AppStore|iPhone
		{6B9B02A2-AF31-42E2-966A-84472A4F2BA2}.AppStore|ARM.ActiveCfg = AppStore|iPhone
		{6B9B02A2-AF31-42E2-966A-84472A4F2BA2}.AppStore|iPhone.ActiveCfg = AppStore|iPhone
		{6B9B02A2-AF31-42E2-966A-84472A4F2BA2}.AppStore|iPhone.Build.0 = AppStore|iPhone
		{6B9B02A2-AF31-42E2-966A-84472A4F2BA2}.AppStore|iPhoneSimulator.ActiveCfg = AppStore|iPhoneSimulator
		{6B9B02A2-AF31-42E2-966A-84472A4F2BA2}.AppStore|iPhoneSimulator.Build.0 = AppStore|iPhoneSimulator
		{6B9B02A2-AF31-42E2-966A-84472A4F2BA2}.AppStore|x64.ActiveCfg = AppStore|iPhone
		{6B9B02A2-AF31-42E2-966A-84472A4F2BA2}.AppStore|x86.ActiveCfg = AppStore|iPhone
		{6B9B02A2-AF31-42E2-966A-84472A4F2BA2}.Debug|Any CPU.ActiveCfg = Debug|iPhone
		{6B9B02A2-AF31-42E2-966A-84472A4F2BA2}.Debug|ARM.ActiveCfg = Debug|iPhone
		{6B9B02A2-AF31-42E2-966A-84472A4F2BA2}.Debug|iPhone.ActiveCfg = Debug|iPhone
		{6B9B02A2-AF31-42E2-966A-84472A4F2BA2}.Debug|iPhone.Build.0 = Debug|iPhone
		{6B9B02A2-AF31-42E2-966A-84472A4F2BA2}.Debug|iPhoneSimulator.ActiveCfg = Debug|iPhoneSimulator
		{6B9B02A2-AF31-42E2-966A-84472A4F2BA2}.Debug|iPhoneSimulator.Build.0 = Debug|iPhoneSimulator
		{6B9B02A2-AF31-42E2-966A-84472A4F2BA2}.Debug|x64.ActiveCfg = Debug|iPhone
		{6B9B02A2-AF31-42E2-966A-84472A4F2BA2}.Debug|x86.ActiveCfg = Debug|iPhone
		{6B9B02A2-AF31-42E2-966A-84472A4F2BA2}.Release|Any CPU.ActiveCfg = Release|iPhone
		{6B9B02A2-AF31-42E2-966A-84472A4F2BA2}.Release|ARM.ActiveCfg = Release|iPhone
		{6B9B02A2-AF31-42E2-966A-84472A4F2BA2}.Release|iPhone.ActiveCfg = Release|iPhone
		{6B9B02A2-AF31-42E2-966A-84472A4F2BA2}.Release|iPhone.Build.0 = Release|iPhone
		{6B9B02A2-AF31-42E2-966A-84472A4F2BA2}.Release|iPhoneSimulator.ActiveCfg = Release|iPhoneSimulator
		{6B9B02A2-AF31-42E2-966A-84472A4F2BA2}.Release|iPhoneSimulator.Build.0 = Release|iPhoneSimulator
		{6B9B02A2-AF31-42E2-966A-84472A4F2BA2}.Release|x64.ActiveCfg = Release|iPhone
		{6B9B02A2-AF31-42E2-966A-84472A4F2BA2}.Release|x86.ActiveCfg = Release|iPhone
	EndGlobalSection
	GlobalSection(SolutionProperties) = preSolution
		HideSolutionNode = FALSE
	EndGlobalSection
EndGlobal
