
Microsoft Visual Studio Solution File, Format Version 12.00
# Visual Studio 15
VisualStudioVersion = 15.0.26430.16
MinimumVisualStudioVersion = 10.0.40219.1
Project("{2150E333-8FDC-42A3-9474-1A3956D46DE8}") = "Forms", "Forms", "{BE5CBE58-57DB-4282-B94A-A5FAB021F1EC}"
EndProject
Project("{2150E333-8FDC-42A3-9474-1A3956D46DE8}") = "Nativ", "Nativ", "{AACB0468-BDB7-498F-A19F-A555C01FB127}"
EndProject
Project("{2150E333-8FDC-42A3-9474-1A3956D46DE8}") = "Shared", "Shared", "{DF800FBC-5A4A-4CF6-84AC-071ED13A5E95}"
EndProject
Project("{D954291E-2A0B-460D-934E-DC6B0785DB48}") = "SharedDroid", "Shared\SharedDroid\SharedDroid.shproj", "{69CC9D4D-EE45-471D-924E-54D1FBB0A90F}"
EndProject
Project("{D954291E-2A0B-460D-934E-DC6B0785DB48}") = "SharediOS", "Shared\SharediOS\SharediOS.shproj", "{2373DADC-5DCE-45C4-8102-E1CFB941DDEF}"
EndProject
Project("{D954291E-2A0B-460D-934E-DC6B0785DB48}") = "SharedPCL", "Shared\SharedPCL\SharedPCL.shproj", "{CFC8A070-BBD7-4B62-9BF5-D2A9D6770EDF}"
EndProject
Project("{D954291E-2A0B-460D-934E-DC6B0785DB48}") = "SharedUWP", "Shared\SharedUWP\SharedUWP.shproj", "{5974F5C9-EF77-4248-8827-BCF4C06E08AB}"
EndProject
Project("{D954291E-2A0B-460D-934E-DC6B0785DB48}") = "TestSamples", "Shared\TestSamples\TestSamples.shproj", "{38B06A1B-6E94-4169-8B4E-7A1E77269736}"
EndProject
Project("{2150E333-8FDC-42A3-9474-1A3956D46DE8}") = "TestApp", "TestApp", "{722409B0-47DD-490C-9C0E-94B93599A511}"
EndProject
Project("{FAE04EC0-301F-11D3-BF4B-00C04F79EFBC}") = "SlimCanvasFormsTest.Android", "Forms\SlimCanvasFormsTest\SlimCanvasFormsTest.Android\SlimCanvasFormsTest.Android.csproj", "{DC5A2692-A2F2-4DEE-910E-0CA9AB299740}"
EndProject
Project("{FAE04EC0-301F-11D3-BF4B-00C04F79EFBC}") = "SlimCanvasFormsTest", "Forms\SlimCanvasFormsTest\SlimCanvasFormsTest\SlimCanvasFormsTest.csproj", "{2E239A06-8B19-4C16-9E48-0BEB9BAA2AE6}"
EndProject
Project("{FAE04EC0-301F-11D3-BF4B-00C04F79EFBC}") = "SlimCanvasFormsTest.UWP", "Forms\SlimCanvasFormsTest\SlimCanvasFormsTest.UWP\SlimCanvasFormsTest.UWP.csproj", "{CAB3748A-EC1C-4C8B-ADB4-7FFE487C5CCC}"
EndProject
Project("{FAE04EC0-301F-11D3-BF4B-00C04F79EFBC}") = "SlimCanvasFormsTest.iOS", "Forms\SlimCanvasFormsTest\SlimCanvasFormsTest.iOS\SlimCanvasFormsTest.iOS.csproj", "{12240F0F-1848-4106-8529-DAFAC8386388}"
EndProject
Project("{FAE04EC0-301F-11D3-BF4B-00C04F79EFBC}") = "SlimCanvas.XF.UWP", "Forms\SlimCanvas.XF.UWP\SlimCanvas.XF.UWP.csproj", "{47495644-4BCE-46AE-A304-89EB8698B3E5}"
EndProject
Project("{FAE04EC0-301F-11D3-BF4B-00C04F79EFBC}") = "SlimCanvas.XF", "Forms\SlimCanvas.XF\SlimCanvas.XF.csproj", "{67F9D3A8-F71E-4428-913F-C37AE82CDB24}"
EndProject
Project("{FAE04EC0-301F-11D3-BF4B-00C04F79EFBC}") = "SlimCanvas.XF.Droid", "Forms\SlimCanvas.XF.Droid\SlimCanvas.XF.Droid.csproj", "{C3E4896C-9C1B-4FD2-9071-F74DD8354782}"
EndProject
Project("{FAE04EC0-301F-11D3-BF4B-00C04F79EFBC}") = "SlimCanvas.XF.iOS", "Forms\SlimCanvas.XF.iOS\SlimCanvas.XF.iOS.csproj", "{3C4EF21E-AADE-4083-8F3C-103EB4F1DBF5}"
EndProject
Project("{FAE04EC0-301F-11D3-BF4B-00C04F79EFBC}") = "SlimCanvas", "Native\SlimCanvas\SlimCanvas.csproj", "{9B021997-D586-4ED7-A527-AD50F34CBB99}"
EndProject
Project("{FAE04EC0-301F-11D3-BF4B-00C04F79EFBC}") = "SlimCanvas.UWP", "Native\SlimCanvas.UWP\SlimCanvas.UWP.csproj", "{1742E1E2-6986-45C4-9D27-2D00A63086F9}"
EndProject
Project("{FAE04EC0-301F-11D3-BF4B-00C04F79EFBC}") = "SlimCanvas.Droid", "Native\SlimCanvas.Droid\SlimCanvas.Droid.csproj", "{3D96D749-E365-41C6-B72D-1BE2127A3C80}"
EndProject
Project("{FAE04EC0-301F-11D3-BF4B-00C04F79EFBC}") = "SlimCanvas.iOS", "Native\SlimCanvas.iOS\SlimCanvas.iOS.csproj", "{A6CC760C-92F4-4B87-8665-81AA1655F5FA}"
EndProject
Project("{2150E333-8FDC-42A3-9474-1A3956D46DE8}") = "TestApp", "TestApp", "{5C35CA6C-9EA1-4406-9E3D-60769833522A}"
EndProject
Project("{FAE04EC0-301F-11D3-BF4B-00C04F79EFBC}") = "SlimCanvasTest.iOS", "Native\TestApp\SlimCanvasTest.iOS\SlimCanvasTest.iOS.csproj", "{10F11423-7BE2-4446-8738-05ED9AB7B2D9}"
EndProject
Project("{FAE04EC0-301F-11D3-BF4B-00C04F79EFBC}") = "SlimCanvasTest.Droid", "Native\TestApp\SlimCanvasTest.Droid\SlimCanvasTest.Droid.csproj", "{7DDECA12-92A2-4884-B068-A90BAABD6B42}"
EndProject
Project("{FAE04EC0-301F-11D3-BF4B-00C04F79EFBC}") = "SlimCanvasTest.UWP", "Native\TestApp\SlimCanvasTest.UWP\SlimCanvasTest.UWP.csproj", "{BDDD2986-9EC0-4DA4-B957-2CFF9DB93971}"
EndProject
Global
	GlobalSection(SharedMSBuildProjectFiles) = preSolution
		Shared\TestSamples\TestSamples.projitems*{10f11423-7be2-4446-8738-05ed9ab7b2d9}*SharedItemsImports = 4
		Shared\SharedUWP\SharedUWP.projitems*{1742e1e2-6986-45c4-9d27-2d00a63086f9}*SharedItemsImports = 4
		Shared\SharediOS\SharediOS.projitems*{2373dadc-5dce-45c4-8102-e1cfb941ddef}*SharedItemsImports = 13
		Shared\TestSamples\TestSamples.projitems*{2e239a06-8b19-4c16-9e48-0beb9baa2ae6}*SharedItemsImports = 4
		Shared\TestSamples\TestSamples.projitems*{38b06a1b-6e94-4169-8b4e-7a1e77269736}*SharedItemsImports = 13
		Shared\SharediOS\SharediOS.projitems*{3c4ef21e-aade-4083-8f3c-103eb4f1dbf5}*SharedItemsImports = 4
		Shared\SharedDroid\SharedDroid.projitems*{3d96d749-e365-41c6-b72d-1be2127a3c80}*SharedItemsImports = 4
		Shared\SharedUWP\SharedUWP.projitems*{47495644-4bce-46ae-a304-89eb8698b3e5}*SharedItemsImports = 4
		Shared\SharedUWP\SharedUWP.projitems*{5974f5c9-ef77-4248-8827-bcf4c06e08ab}*SharedItemsImports = 13
		Shared\SharedPCL\SharedPCL.projitems*{67f9d3a8-f71e-4428-913f-c37ae82cdb24}*SharedItemsImports = 4
		Shared\SharedDroid\SharedDroid.projitems*{69cc9d4d-ee45-471d-924e-54d1fbb0a90f}*SharedItemsImports = 13
		Shared\TestSamples\TestSamples.projitems*{7ddeca12-92a2-4884-b068-a90baabd6b42}*SharedItemsImports = 4
		Shared\SharedPCL\SharedPCL.projitems*{9b021997-d586-4ed7-a527-ad50f34cbb99}*SharedItemsImports = 4
		Shared\SharediOS\SharediOS.projitems*{a6cc760c-92f4-4b87-8665-81aa1655f5fa}*SharedItemsImports = 4
		Shared\TestSamples\TestSamples.projitems*{bddd2986-9ec0-4da4-b957-2cff9db93971}*SharedItemsImports = 4
		Shared\SharedDroid\SharedDroid.projitems*{c3e4896c-9c1b-4fd2-9071-f74dd8354782}*SharedItemsImports = 4
		Shared\SharedPCL\SharedPCL.projitems*{cfc8a070-bbd7-4b62-9bf5-d2a9d6770edf}*SharedItemsImports = 13
	EndGlobalSection
	GlobalSection(SolutionConfigurationPlatforms) = preSolution
		Ad-Hoc|Any CPU = Ad-Hoc|Any CPU
		Ad-Hoc|ARM = Ad-Hoc|ARM
		Ad-Hoc|iPhone = Ad-Hoc|iPhone
		Ad-Hoc|iPhoneSimulator = Ad-Hoc|iPhoneSimulator
		Ad-Hoc|x64 = Ad-Hoc|x64
		Ad-Hoc|x86 = Ad-Hoc|x86
		AppStore|Any CPU = AppStore|Any CPU
		AppStore|ARM = AppStore|ARM
		AppStore|iPhone = AppStore|iPhone
		AppStore|iPhoneSimulator = AppStore|iPhoneSimulator
		AppStore|x64 = AppStore|x64
		AppStore|x86 = AppStore|x86
		Debug|Any CPU = Debug|Any CPU
		Debug|ARM = Debug|ARM
		Debug|iPhone = Debug|iPhone
		Debug|iPhoneSimulator = Debug|iPhoneSimulator
		Debug|x64 = Debug|x64
		Debug|x86 = Debug|x86
		Release|Any CPU = Release|Any CPU
		Release|ARM = Release|ARM
		Release|iPhone = Release|iPhone
		Release|iPhoneSimulator = Release|iPhoneSimulator
		Release|x64 = Release|x64
		Release|x86 = Release|x86
	EndGlobalSection
	GlobalSection(ProjectConfigurationPlatforms) = postSolution
		{DC5A2692-A2F2-4DEE-910E-0CA9AB299740}.Ad-Hoc|Any CPU.ActiveCfg = Release|Any CPU
		{DC5A2692-A2F2-4DEE-910E-0CA9AB299740}.Ad-Hoc|Any CPU.Build.0 = Release|Any CPU
		{DC5A2692-A2F2-4DEE-910E-0CA9AB299740}.Ad-Hoc|Any CPU.Deploy.0 = Release|Any CPU
		{DC5A2692-A2F2-4DEE-910E-0CA9AB299740}.Ad-Hoc|ARM.ActiveCfg = Release|Any CPU
		{DC5A2692-A2F2-4DEE-910E-0CA9AB299740}.Ad-Hoc|ARM.Build.0 = Release|Any CPU
		{DC5A2692-A2F2-4DEE-910E-0CA9AB299740}.Ad-Hoc|ARM.Deploy.0 = Release|Any CPU
		{DC5A2692-A2F2-4DEE-910E-0CA9AB299740}.Ad-Hoc|iPhone.ActiveCfg = Release|Any CPU
		{DC5A2692-A2F2-4DEE-910E-0CA9AB299740}.Ad-Hoc|iPhone.Build.0 = Release|Any CPU
		{DC5A2692-A2F2-4DEE-910E-0CA9AB299740}.Ad-Hoc|iPhone.Deploy.0 = Release|Any CPU
		{DC5A2692-A2F2-4DEE-910E-0CA9AB299740}.Ad-Hoc|iPhoneSimulator.ActiveCfg = Release|Any CPU
		{DC5A2692-A2F2-4DEE-910E-0CA9AB299740}.Ad-Hoc|iPhoneSimulator.Build.0 = Release|Any CPU
		{DC5A2692-A2F2-4DEE-910E-0CA9AB299740}.Ad-Hoc|iPhoneSimulator.Deploy.0 = Release|Any CPU
		{DC5A2692-A2F2-4DEE-910E-0CA9AB299740}.Ad-Hoc|x64.ActiveCfg = Release|Any CPU
		{DC5A2692-A2F2-4DEE-910E-0CA9AB299740}.Ad-Hoc|x64.Build.0 = Release|Any CPU
		{DC5A2692-A2F2-4DEE-910E-0CA9AB299740}.Ad-Hoc|x64.Deploy.0 = Release|Any CPU
		{DC5A2692-A2F2-4DEE-910E-0CA9AB299740}.Ad-Hoc|x86.ActiveCfg = Release|Any CPU
		{DC5A2692-A2F2-4DEE-910E-0CA9AB299740}.Ad-Hoc|x86.Build.0 = Release|Any CPU
		{DC5A2692-A2F2-4DEE-910E-0CA9AB299740}.Ad-Hoc|x86.Deploy.0 = Release|Any CPU
		{DC5A2692-A2F2-4DEE-910E-0CA9AB299740}.AppStore|Any CPU.ActiveCfg = Release|Any CPU
		{DC5A2692-A2F2-4DEE-910E-0CA9AB299740}.AppStore|Any CPU.Build.0 = Release|Any CPU
		{DC5A2692-A2F2-4DEE-910E-0CA9AB299740}.AppStore|Any CPU.Deploy.0 = Release|Any CPU
		{DC5A2692-A2F2-4DEE-910E-0CA9AB299740}.AppStore|ARM.ActiveCfg = Release|Any CPU
		{DC5A2692-A2F2-4DEE-910E-0CA9AB299740}.AppStore|ARM.Build.0 = Release|Any CPU
		{DC5A2692-A2F2-4DEE-910E-0CA9AB299740}.AppStore|ARM.Deploy.0 = Release|Any CPU
		{DC5A2692-A2F2-4DEE-910E-0CA9AB299740}.AppStore|iPhone.ActiveCfg = Release|Any CPU
		{DC5A2692-A2F2-4DEE-910E-0CA9AB299740}.AppStore|iPhone.Build.0 = Release|Any CPU
		{DC5A2692-A2F2-4DEE-910E-0CA9AB299740}.AppStore|iPhone.Deploy.0 = Release|Any CPU
		{DC5A2692-A2F2-4DEE-910E-0CA9AB299740}.AppStore|iPhoneSimulator.ActiveCfg = Release|Any CPU
		{DC5A2692-A2F2-4DEE-910E-0CA9AB299740}.AppStore|iPhoneSimulator.Build.0 = Release|Any CPU
		{DC5A2692-A2F2-4DEE-910E-0CA9AB299740}.AppStore|iPhoneSimulator.Deploy.0 = Release|Any CPU
		{DC5A2692-A2F2-4DEE-910E-0CA9AB299740}.AppStore|x64.ActiveCfg = Release|Any CPU
		{DC5A2692-A2F2-4DEE-910E-0CA9AB299740}.AppStore|x64.Build.0 = Release|Any CPU
		{DC5A2692-A2F2-4DEE-910E-0CA9AB299740}.AppStore|x64.Deploy.0 = Release|Any CPU
		{DC5A2692-A2F2-4DEE-910E-0CA9AB299740}.AppStore|x86.ActiveCfg = Release|Any CPU
		{DC5A2692-A2F2-4DEE-910E-0CA9AB299740}.AppStore|x86.Build.0 = Release|Any CPU
		{DC5A2692-A2F2-4DEE-910E-0CA9AB299740}.AppStore|x86.Deploy.0 = Release|Any CPU
		{DC5A2692-A2F2-4DEE-910E-0CA9AB299740}.Debug|Any CPU.ActiveCfg = Debug|Any CPU
		{DC5A2692-A2F2-4DEE-910E-0CA9AB299740}.Debug|Any CPU.Build.0 = Debug|Any CPU
		{DC5A2692-A2F2-4DEE-910E-0CA9AB299740}.Debug|Any CPU.Deploy.0 = Debug|Any CPU
		{DC5A2692-A2F2-4DEE-910E-0CA9AB299740}.Debug|ARM.ActiveCfg = Debug|Any CPU
		{DC5A2692-A2F2-4DEE-910E-0CA9AB299740}.Debug|ARM.Build.0 = Debug|Any CPU
		{DC5A2692-A2F2-4DEE-910E-0CA9AB299740}.Debug|ARM.Deploy.0 = Debug|Any CPU
		{DC5A2692-A2F2-4DEE-910E-0CA9AB299740}.Debug|iPhone.ActiveCfg = Debug|Any CPU
		{DC5A2692-A2F2-4DEE-910E-0CA9AB299740}.Debug|iPhone.Build.0 = Debug|Any CPU
		{DC5A2692-A2F2-4DEE-910E-0CA9AB299740}.Debug|iPhone.Deploy.0 = Debug|Any CPU
		{DC5A2692-A2F2-4DEE-910E-0CA9AB299740}.Debug|iPhoneSimulator.ActiveCfg = Debug|Any CPU
		{DC5A2692-A2F2-4DEE-910E-0CA9AB299740}.Debug|iPhoneSimulator.Build.0 = Debug|Any CPU
		{DC5A2692-A2F2-4DEE-910E-0CA9AB299740}.Debug|iPhoneSimulator.Deploy.0 = Debug|Any CPU
		{DC5A2692-A2F2-4DEE-910E-0CA9AB299740}.Debug|x64.ActiveCfg = Debug|Any CPU
		{DC5A2692-A2F2-4DEE-910E-0CA9AB299740}.Debug|x64.Build.0 = Debug|Any CPU
		{DC5A2692-A2F2-4DEE-910E-0CA9AB299740}.Debug|x64.Deploy.0 = Debug|Any CPU
		{DC5A2692-A2F2-4DEE-910E-0CA9AB299740}.Debug|x86.ActiveCfg = Debug|Any CPU
		{DC5A2692-A2F2-4DEE-910E-0CA9AB299740}.Debug|x86.Build.0 = Debug|Any CPU
		{DC5A2692-A2F2-4DEE-910E-0CA9AB299740}.Debug|x86.Deploy.0 = Debug|Any CPU
		{DC5A2692-A2F2-4DEE-910E-0CA9AB299740}.Release|Any CPU.ActiveCfg = Release|Any CPU
		{DC5A2692-A2F2-4DEE-910E-0CA9AB299740}.Release|Any CPU.Build.0 = Release|Any CPU
		{DC5A2692-A2F2-4DEE-910E-0CA9AB299740}.Release|Any CPU.Deploy.0 = Release|Any CPU
		{DC5A2692-A2F2-4DEE-910E-0CA9AB299740}.Release|ARM.ActiveCfg = Release|Any CPU
		{DC5A2692-A2F2-4DEE-910E-0CA9AB299740}.Release|ARM.Build.0 = Release|Any CPU
		{DC5A2692-A2F2-4DEE-910E-0CA9AB299740}.Release|ARM.Deploy.0 = Release|Any CPU
		{DC5A2692-A2F2-4DEE-910E-0CA9AB299740}.Release|iPhone.ActiveCfg = Release|Any CPU
		{DC5A2692-A2F2-4DEE-910E-0CA9AB299740}.Release|iPhone.Build.0 = Release|Any CPU
		{DC5A2692-A2F2-4DEE-910E-0CA9AB299740}.Release|iPhone.Deploy.0 = Release|Any CPU
		{DC5A2692-A2F2-4DEE-910E-0CA9AB299740}.Release|iPhoneSimulator.ActiveCfg = Release|Any CPU
		{DC5A2692-A2F2-4DEE-910E-0CA9AB299740}.Release|iPhoneSimulator.Build.0 = Release|Any CPU
		{DC5A2692-A2F2-4DEE-910E-0CA9AB299740}.Release|iPhoneSimulator.Deploy.0 = Release|Any CPU
		{DC5A2692-A2F2-4DEE-910E-0CA9AB299740}.Release|x64.ActiveCfg = Release|Any CPU
		{DC5A2692-A2F2-4DEE-910E-0CA9AB299740}.Release|x64.Build.0 = Release|Any CPU
		{DC5A2692-A2F2-4DEE-910E-0CA9AB299740}.Release|x64.Deploy.0 = Release|Any CPU
		{DC5A2692-A2F2-4DEE-910E-0CA9AB299740}.Release|x86.ActiveCfg = Release|Any CPU
		{DC5A2692-A2F2-4DEE-910E-0CA9AB299740}.Release|x86.Build.0 = Release|Any CPU
		{DC5A2692-A2F2-4DEE-910E-0CA9AB299740}.Release|x86.Deploy.0 = Release|Any CPU
		{2E239A06-8B19-4C16-9E48-0BEB9BAA2AE6}.Ad-Hoc|Any CPU.ActiveCfg = Release|Any CPU
		{2E239A06-8B19-4C16-9E48-0BEB9BAA2AE6}.Ad-Hoc|Any CPU.Build.0 = Release|Any CPU
		{2E239A06-8B19-4C16-9E48-0BEB9BAA2AE6}.Ad-Hoc|ARM.ActiveCfg = Release|Any CPU
		{2E239A06-8B19-4C16-9E48-0BEB9BAA2AE6}.Ad-Hoc|ARM.Build.0 = Release|Any CPU
		{2E239A06-8B19-4C16-9E48-0BEB9BAA2AE6}.Ad-Hoc|iPhone.ActiveCfg = Release|Any CPU
		{2E239A06-8B19-4C16-9E48-0BEB9BAA2AE6}.Ad-Hoc|iPhone.Build.0 = Release|Any CPU
		{2E239A06-8B19-4C16-9E48-0BEB9BAA2AE6}.Ad-Hoc|iPhoneSimulator.ActiveCfg = Release|Any CPU
		{2E239A06-8B19-4C16-9E48-0BEB9BAA2AE6}.Ad-Hoc|iPhoneSimulator.Build.0 = Release|Any CPU
		{2E239A06-8B19-4C16-9E48-0BEB9BAA2AE6}.Ad-Hoc|x64.ActiveCfg = Release|Any CPU
		{2E239A06-8B19-4C16-9E48-0BEB9BAA2AE6}.Ad-Hoc|x64.Build.0 = Release|Any CPU
		{2E239A06-8B19-4C16-9E48-0BEB9BAA2AE6}.Ad-Hoc|x86.ActiveCfg = Release|Any CPU
		{2E239A06-8B19-4C16-9E48-0BEB9BAA2AE6}.Ad-Hoc|x86.Build.0 = Release|Any CPU
		{2E239A06-8B19-4C16-9E48-0BEB9BAA2AE6}.AppStore|Any CPU.ActiveCfg = Release|Any CPU
		{2E239A06-8B19-4C16-9E48-0BEB9BAA2AE6}.AppStore|Any CPU.Build.0 = Release|Any CPU
		{2E239A06-8B19-4C16-9E48-0BEB9BAA2AE6}.AppStore|ARM.ActiveCfg = Release|Any CPU
		{2E239A06-8B19-4C16-9E48-0BEB9BAA2AE6}.AppStore|ARM.Build.0 = Release|Any CPU
		{2E239A06-8B19-4C16-9E48-0BEB9BAA2AE6}.AppStore|iPhone.ActiveCfg = Release|Any CPU
		{2E239A06-8B19-4C16-9E48-0BEB9BAA2AE6}.AppStore|iPhone.Build.0 = Release|Any CPU
		{2E239A06-8B19-4C16-9E48-0BEB9BAA2AE6}.AppStore|iPhoneSimulator.ActiveCfg = Release|Any CPU
		{2E239A06-8B19-4C16-9E48-0BEB9BAA2AE6}.AppStore|iPhoneSimulator.Build.0 = Release|Any CPU
		{2E239A06-8B19-4C16-9E48-0BEB9BAA2AE6}.AppStore|x64.ActiveCfg = Release|Any CPU
		{2E239A06-8B19-4C16-9E48-0BEB9BAA2AE6}.AppStore|x64.Build.0 = Release|Any CPU
		{2E239A06-8B19-4C16-9E48-0BEB9BAA2AE6}.AppStore|x86.ActiveCfg = Release|Any CPU
		{2E239A06-8B19-4C16-9E48-0BEB9BAA2AE6}.AppStore|x86.Build.0 = Release|Any CPU
		{2E239A06-8B19-4C16-9E48-0BEB9BAA2AE6}.Debug|Any CPU.ActiveCfg = Debug|Any CPU
		{2E239A06-8B19-4C16-9E48-0BEB9BAA2AE6}.Debug|Any CPU.Build.0 = Debug|Any CPU
		{2E239A06-8B19-4C16-9E48-0BEB9BAA2AE6}.Debug|ARM.ActiveCfg = Debug|Any CPU
		{2E239A06-8B19-4C16-9E48-0BEB9BAA2AE6}.Debug|ARM.Build.0 = Debug|Any CPU
		{2E239A06-8B19-4C16-9E48-0BEB9BAA2AE6}.Debug|iPhone.ActiveCfg = Debug|Any CPU
		{2E239A06-8B19-4C16-9E48-0BEB9BAA2AE6}.Debug|iPhone.Build.0 = Debug|Any CPU
		{2E239A06-8B19-4C16-9E48-0BEB9BAA2AE6}.Debug|iPhoneSimulator.ActiveCfg = Debug|Any CPU
		{2E239A06-8B19-4C16-9E48-0BEB9BAA2AE6}.Debug|iPhoneSimulator.Build.0 = Debug|Any CPU
		{2E239A06-8B19-4C16-9E48-0BEB9BAA2AE6}.Debug|x64.ActiveCfg = Debug|Any CPU
		{2E239A06-8B19-4C16-9E48-0BEB9BAA2AE6}.Debug|x64.Build.0 = Debug|Any CPU
		{2E239A06-8B19-4C16-9E48-0BEB9BAA2AE6}.Debug|x86.ActiveCfg = Debug|Any CPU
		{2E239A06-8B19-4C16-9E48-0BEB9BAA2AE6}.Debug|x86.Build.0 = Debug|Any CPU
		{2E239A06-8B19-4C16-9E48-0BEB9BAA2AE6}.Release|Any CPU.ActiveCfg = Release|Any CPU
		{2E239A06-8B19-4C16-9E48-0BEB9BAA2AE6}.Release|Any CPU.Build.0 = Release|Any CPU
		{2E239A06-8B19-4C16-9E48-0BEB9BAA2AE6}.Release|ARM.ActiveCfg = Release|Any CPU
		{2E239A06-8B19-4C16-9E48-0BEB9BAA2AE6}.Release|ARM.Build.0 = Release|Any CPU
		{2E239A06-8B19-4C16-9E48-0BEB9BAA2AE6}.Release|iPhone.ActiveCfg = Release|Any CPU
		{2E239A06-8B19-4C16-9E48-0BEB9BAA2AE6}.Release|iPhone.Build.0 = Release|Any CPU
		{2E239A06-8B19-4C16-9E48-0BEB9BAA2AE6}.Release|iPhoneSimulator.ActiveCfg = Release|Any CPU
		{2E239A06-8B19-4C16-9E48-0BEB9BAA2AE6}.Release|iPhoneSimulator.Build.0 = Release|Any CPU
		{2E239A06-8B19-4C16-9E48-0BEB9BAA2AE6}.Release|x64.ActiveCfg = Release|Any CPU
		{2E239A06-8B19-4C16-9E48-0BEB9BAA2AE6}.Release|x64.Build.0 = Release|Any CPU
		{2E239A06-8B19-4C16-9E48-0BEB9BAA2AE6}.Release|x86.ActiveCfg = Release|Any CPU
		{2E239A06-8B19-4C16-9E48-0BEB9BAA2AE6}.Release|x86.Build.0 = Release|Any CPU
		{CAB3748A-EC1C-4C8B-ADB4-7FFE487C5CCC}.Ad-Hoc|Any CPU.ActiveCfg = Release|x86
		{CAB3748A-EC1C-4C8B-ADB4-7FFE487C5CCC}.Ad-Hoc|Any CPU.Build.0 = Release|x86
		{CAB3748A-EC1C-4C8B-ADB4-7FFE487C5CCC}.Ad-Hoc|Any CPU.Deploy.0 = Release|x86
		{CAB3748A-EC1C-4C8B-ADB4-7FFE487C5CCC}.Ad-Hoc|ARM.ActiveCfg = Release|ARM
		{CAB3748A-EC1C-4C8B-ADB4-7FFE487C5CCC}.Ad-Hoc|ARM.Build.0 = Release|ARM
		{CAB3748A-EC1C-4C8B-ADB4-7FFE487C5CCC}.Ad-Hoc|ARM.Deploy.0 = Release|ARM
		{CAB3748A-EC1C-4C8B-ADB4-7FFE487C5CCC}.Ad-Hoc|iPhone.ActiveCfg = Release|x86
		{CAB3748A-EC1C-4C8B-ADB4-7FFE487C5CCC}.Ad-Hoc|iPhone.Build.0 = Release|x86
		{CAB3748A-EC1C-4C8B-ADB4-7FFE487C5CCC}.Ad-Hoc|iPhone.Deploy.0 = Release|x86
		{CAB3748A-EC1C-4C8B-ADB4-7FFE487C5CCC}.Ad-Hoc|iPhoneSimulator.ActiveCfg = Release|x86
		{CAB3748A-EC1C-4C8B-ADB4-7FFE487C5CCC}.Ad-Hoc|iPhoneSimulator.Build.0 = Release|x86
		{CAB3748A-EC1C-4C8B-ADB4-7FFE487C5CCC}.Ad-Hoc|iPhoneSimulator.Deploy.0 = Release|x86
		{CAB3748A-EC1C-4C8B-ADB4-7FFE487C5CCC}.Ad-Hoc|x64.ActiveCfg = Release|x64
		{CAB3748A-EC1C-4C8B-ADB4-7FFE487C5CCC}.Ad-Hoc|x64.Build.0 = Release|x64
		{CAB3748A-EC1C-4C8B-ADB4-7FFE487C5CCC}.Ad-Hoc|x64.Deploy.0 = Release|x64
		{CAB3748A-EC1C-4C8B-ADB4-7FFE487C5CCC}.Ad-Hoc|x86.ActiveCfg = Release|x86
		{CAB3748A-EC1C-4C8B-ADB4-7FFE487C5CCC}.Ad-Hoc|x86.Build.0 = Release|x86
		{CAB3748A-EC1C-4C8B-ADB4-7FFE487C5CCC}.Ad-Hoc|x86.Deploy.0 = Release|x86
		{CAB3748A-EC1C-4C8B-ADB4-7FFE487C5CCC}.AppStore|Any CPU.ActiveCfg = Release|x86
		{CAB3748A-EC1C-4C8B-ADB4-7FFE487C5CCC}.AppStore|Any CPU.Build.0 = Release|x86
		{CAB3748A-EC1C-4C8B-ADB4-7FFE487C5CCC}.AppStore|Any CPU.Deploy.0 = Release|x86
		{CAB3748A-EC1C-4C8B-ADB4-7FFE487C5CCC}.AppStore|ARM.ActiveCfg = Release|ARM
		{CAB3748A-EC1C-4C8B-ADB4-7FFE487C5CCC}.AppStore|ARM.Build.0 = Release|ARM
		{CAB3748A-EC1C-4C8B-ADB4-7FFE487C5CCC}.AppStore|ARM.Deploy.0 = Release|ARM
		{CAB3748A-EC1C-4C8B-ADB4-7FFE487C5CCC}.AppStore|iPhone.ActiveCfg = Release|x86
		{CAB3748A-EC1C-4C8B-ADB4-7FFE487C5CCC}.AppStore|iPhone.Build.0 = Release|x86
		{CAB3748A-EC1C-4C8B-ADB4-7FFE487C5CCC}.AppStore|iPhone.Deploy.0 = Release|x86
		{CAB3748A-EC1C-4C8B-ADB4-7FFE487C5CCC}.AppStore|iPhoneSimulator.ActiveCfg = Release|x86
		{CAB3748A-EC1C-4C8B-ADB4-7FFE487C5CCC}.AppStore|iPhoneSimulator.Build.0 = Release|x86
		{CAB3748A-EC1C-4C8B-ADB4-7FFE487C5CCC}.AppStore|iPhoneSimulator.Deploy.0 = Release|x86
		{CAB3748A-EC1C-4C8B-ADB4-7FFE487C5CCC}.AppStore|x64.ActiveCfg = Release|x64
		{CAB3748A-EC1C-4C8B-ADB4-7FFE487C5CCC}.AppStore|x64.Build.0 = Release|x64
		{CAB3748A-EC1C-4C8B-ADB4-7FFE487C5CCC}.AppStore|x64.Deploy.0 = Release|x64
		{CAB3748A-EC1C-4C8B-ADB4-7FFE487C5CCC}.AppStore|x86.ActiveCfg = Release|x86
		{CAB3748A-EC1C-4C8B-ADB4-7FFE487C5CCC}.AppStore|x86.Build.0 = Release|x86
		{CAB3748A-EC1C-4C8B-ADB4-7FFE487C5CCC}.AppStore|x86.Deploy.0 = Release|x86
		{CAB3748A-EC1C-4C8B-ADB4-7FFE487C5CCC}.Debug|Any CPU.ActiveCfg = Debug|x86
		{CAB3748A-EC1C-4C8B-ADB4-7FFE487C5CCC}.Debug|ARM.ActiveCfg = Debug|ARM
		{CAB3748A-EC1C-4C8B-ADB4-7FFE487C5CCC}.Debug|ARM.Build.0 = Debug|ARM
		{CAB3748A-EC1C-4C8B-ADB4-7FFE487C5CCC}.Debug|ARM.Deploy.0 = Debug|ARM
		{CAB3748A-EC1C-4C8B-ADB4-7FFE487C5CCC}.Debug|iPhone.ActiveCfg = Debug|x86
		{CAB3748A-EC1C-4C8B-ADB4-7FFE487C5CCC}.Debug|iPhoneSimulator.ActiveCfg = Debug|x86
		{CAB3748A-EC1C-4C8B-ADB4-7FFE487C5CCC}.Debug|x64.ActiveCfg = Debug|x64
		{CAB3748A-EC1C-4C8B-ADB4-7FFE487C5CCC}.Debug|x64.Build.0 = Debug|x64
		{CAB3748A-EC1C-4C8B-ADB4-7FFE487C5CCC}.Debug|x64.Deploy.0 = Debug|x64
		{CAB3748A-EC1C-4C8B-ADB4-7FFE487C5CCC}.Debug|x86.ActiveCfg = Debug|x86
		{CAB3748A-EC1C-4C8B-ADB4-7FFE487C5CCC}.Debug|x86.Build.0 = Debug|x86
		{CAB3748A-EC1C-4C8B-ADB4-7FFE487C5CCC}.Debug|x86.Deploy.0 = Debug|x86
		{CAB3748A-EC1C-4C8B-ADB4-7FFE487C5CCC}.Release|Any CPU.ActiveCfg = Release|x86
		{CAB3748A-EC1C-4C8B-ADB4-7FFE487C5CCC}.Release|ARM.ActiveCfg = Release|ARM
		{CAB3748A-EC1C-4C8B-ADB4-7FFE487C5CCC}.Release|ARM.Build.0 = Release|ARM
		{CAB3748A-EC1C-4C8B-ADB4-7FFE487C5CCC}.Release|ARM.Deploy.0 = Release|ARM
		{CAB3748A-EC1C-4C8B-ADB4-7FFE487C5CCC}.Release|iPhone.ActiveCfg = Release|x86
		{CAB3748A-EC1C-4C8B-ADB4-7FFE487C5CCC}.Release|iPhoneSimulator.ActiveCfg = Release|x86
		{CAB3748A-EC1C-4C8B-ADB4-7FFE487C5CCC}.Release|x64.ActiveCfg = Release|x64
		{CAB3748A-EC1C-4C8B-ADB4-7FFE487C5CCC}.Release|x64.Build.0 = Release|x64
		{CAB3748A-EC1C-4C8B-ADB4-7FFE487C5CCC}.Release|x64.Deploy.0 = Release|x64
		{CAB3748A-EC1C-4C8B-ADB4-7FFE487C5CCC}.Release|x86.ActiveCfg = Release|x86
		{CAB3748A-EC1C-4C8B-ADB4-7FFE487C5CCC}.Release|x86.Build.0 = Release|x86
		{CAB3748A-EC1C-4C8B-ADB4-7FFE487C5CCC}.Release|x86.Deploy.0 = Release|x86
		{12240F0F-1848-4106-8529-DAFAC8386388}.Ad-Hoc|Any CPU.ActiveCfg = Ad-Hoc|iPhone
		{12240F0F-1848-4106-8529-DAFAC8386388}.Ad-Hoc|ARM.ActiveCfg = Ad-Hoc|iPhone
		{12240F0F-1848-4106-8529-DAFAC8386388}.Ad-Hoc|iPhone.ActiveCfg = Ad-Hoc|iPhone
		{12240F0F-1848-4106-8529-DAFAC8386388}.Ad-Hoc|iPhone.Build.0 = Ad-Hoc|iPhone
		{12240F0F-1848-4106-8529-DAFAC8386388}.Ad-Hoc|iPhoneSimulator.ActiveCfg = Ad-Hoc|iPhoneSimulator
		{12240F0F-1848-4106-8529-DAFAC8386388}.Ad-Hoc|iPhoneSimulator.Build.0 = Ad-Hoc|iPhoneSimulator
		{12240F0F-1848-4106-8529-DAFAC8386388}.Ad-Hoc|x64.ActiveCfg = Ad-Hoc|iPhone
		{12240F0F-1848-4106-8529-DAFAC8386388}.Ad-Hoc|x86.ActiveCfg = Ad-Hoc|iPhone
		{12240F0F-1848-4106-8529-DAFAC8386388}.AppStore|Any CPU.ActiveCfg = AppStore|iPhone
		{12240F0F-1848-4106-8529-DAFAC8386388}.AppStore|ARM.ActiveCfg = AppStore|iPhone
		{12240F0F-1848-4106-8529-DAFAC8386388}.AppStore|iPhone.ActiveCfg = AppStore|iPhone
		{12240F0F-1848-4106-8529-DAFAC8386388}.AppStore|iPhone.Build.0 = AppStore|iPhone
		{12240F0F-1848-4106-8529-DAFAC8386388}.AppStore|iPhoneSimulator.ActiveCfg = AppStore|iPhoneSimulator
		{12240F0F-1848-4106-8529-DAFAC8386388}.AppStore|iPhoneSimulator.Build.0 = AppStore|iPhoneSimulator
		{12240F0F-1848-4106-8529-DAFAC8386388}.AppStore|x64.ActiveCfg = AppStore|iPhone
		{12240F0F-1848-4106-8529-DAFAC8386388}.AppStore|x86.ActiveCfg = AppStore|iPhone
		{12240F0F-1848-4106-8529-DAFAC8386388}.Debug|Any CPU.ActiveCfg = Debug|iPhone
		{12240F0F-1848-4106-8529-DAFAC8386388}.Debug|ARM.ActiveCfg = Debug|iPhone
		{12240F0F-1848-4106-8529-DAFAC8386388}.Debug|iPhone.ActiveCfg = Debug|iPhone
		{12240F0F-1848-4106-8529-DAFAC8386388}.Debug|iPhone.Build.0 = Debug|iPhone
		{12240F0F-1848-4106-8529-DAFAC8386388}.Debug|iPhoneSimulator.ActiveCfg = Debug|iPhoneSimulator
		{12240F0F-1848-4106-8529-DAFAC8386388}.Debug|iPhoneSimulator.Build.0 = Debug|iPhoneSimulator
		{12240F0F-1848-4106-8529-DAFAC8386388}.Debug|x64.ActiveCfg = Debug|iPhone
		{12240F0F-1848-4106-8529-DAFAC8386388}.Debug|x86.ActiveCfg = Debug|iPhone
		{12240F0F-1848-4106-8529-DAFAC8386388}.Release|Any CPU.ActiveCfg = Release|iPhone
		{12240F0F-1848-4106-8529-DAFAC8386388}.Release|ARM.ActiveCfg = Release|iPhone
		{12240F0F-1848-4106-8529-DAFAC8386388}.Release|iPhone.ActiveCfg = Release|iPhone
		{12240F0F-1848-4106-8529-DAFAC8386388}.Release|iPhone.Build.0 = Release|iPhone
		{12240F0F-1848-4106-8529-DAFAC8386388}.Release|iPhoneSimulator.ActiveCfg = Release|iPhoneSimulator
		{12240F0F-1848-4106-8529-DAFAC8386388}.Release|iPhoneSimulator.Build.0 = Release|iPhoneSimulator
		{12240F0F-1848-4106-8529-DAFAC8386388}.Release|x64.ActiveCfg = Release|iPhone
		{12240F0F-1848-4106-8529-DAFAC8386388}.Release|x86.ActiveCfg = Release|iPhone
		{47495644-4BCE-46AE-A304-89EB8698B3E5}.Ad-Hoc|Any CPU.ActiveCfg = Release|Any CPU
		{47495644-4BCE-46AE-A304-89EB8698B3E5}.Ad-Hoc|Any CPU.Build.0 = Release|Any CPU
		{47495644-4BCE-46AE-A304-89EB8698B3E5}.Ad-Hoc|ARM.ActiveCfg = Release|ARM
		{47495644-4BCE-46AE-A304-89EB8698B3E5}.Ad-Hoc|ARM.Build.0 = Release|ARM
		{47495644-4BCE-46AE-A304-89EB8698B3E5}.Ad-Hoc|iPhone.ActiveCfg = Release|Any CPU
		{47495644-4BCE-46AE-A304-89EB8698B3E5}.Ad-Hoc|iPhone.Build.0 = Release|Any CPU
		{47495644-4BCE-46AE-A304-89EB8698B3E5}.Ad-Hoc|iPhoneSimulator.ActiveCfg = Release|Any CPU
		{47495644-4BCE-46AE-A304-89EB8698B3E5}.Ad-Hoc|iPhoneSimulator.Build.0 = Release|Any CPU
		{47495644-4BCE-46AE-A304-89EB8698B3E5}.Ad-Hoc|x64.ActiveCfg = Release|x64
		{47495644-4BCE-46AE-A304-89EB8698B3E5}.Ad-Hoc|x64.Build.0 = Release|x64
		{47495644-4BCE-46AE-A304-89EB8698B3E5}.Ad-Hoc|x86.ActiveCfg = Release|x86
		{47495644-4BCE-46AE-A304-89EB8698B3E5}.Ad-Hoc|x86.Build.0 = Release|x86
		{47495644-4BCE-46AE-A304-89EB8698B3E5}.AppStore|Any CPU.ActiveCfg = Release|Any CPU
		{47495644-4BCE-46AE-A304-89EB8698B3E5}.AppStore|Any CPU.Build.0 = Release|Any CPU
		{47495644-4BCE-46AE-A304-89EB8698B3E5}.AppStore|ARM.ActiveCfg = Release|ARM
		{47495644-4BCE-46AE-A304-89EB8698B3E5}.AppStore|ARM.Build.0 = Release|ARM
		{47495644-4BCE-46AE-A304-89EB8698B3E5}.AppStore|iPhone.ActiveCfg = Release|Any CPU
		{47495644-4BCE-46AE-A304-89EB8698B3E5}.AppStore|iPhone.Build.0 = Release|Any CPU
		{47495644-4BCE-46AE-A304-89EB8698B3E5}.AppStore|iPhoneSimulator.ActiveCfg = Release|Any CPU
		{47495644-4BCE-46AE-A304-89EB8698B3E5}.AppStore|iPhoneSimulator.Build.0 = Release|Any CPU
		{47495644-4BCE-46AE-A304-89EB8698B3E5}.AppStore|x64.ActiveCfg = Release|x64
		{47495644-4BCE-46AE-A304-89EB8698B3E5}.AppStore|x64.Build.0 = Release|x64
		{47495644-4BCE-46AE-A304-89EB8698B3E5}.AppStore|x86.ActiveCfg = Release|x86
		{47495644-4BCE-46AE-A304-89EB8698B3E5}.AppStore|x86.Build.0 = Release|x86
		{47495644-4BCE-46AE-A304-89EB8698B3E5}.Debug|Any CPU.ActiveCfg = Debug|Any CPU
		{47495644-4BCE-46AE-A304-89EB8698B3E5}.Debug|Any CPU.Build.0 = Debug|Any CPU
		{47495644-4BCE-46AE-A304-89EB8698B3E5}.Debug|ARM.ActiveCfg = Debug|ARM
		{47495644-4BCE-46AE-A304-89EB8698B3E5}.Debug|ARM.Build.0 = Debug|ARM
		{47495644-4BCE-46AE-A304-89EB8698B3E5}.Debug|iPhone.ActiveCfg = Debug|Any CPU
		{47495644-4BCE-46AE-A304-89EB8698B3E5}.Debug|iPhone.Build.0 = Debug|Any CPU
		{47495644-4BCE-46AE-A304-89EB8698B3E5}.Debug|iPhoneSimulator.ActiveCfg = Debug|Any CPU
		{47495644-4BCE-46AE-A304-89EB8698B3E5}.Debug|iPhoneSimulator.Build.0 = Debug|Any CPU
		{47495644-4BCE-46AE-A304-89EB8698B3E5}.Debug|x64.ActiveCfg = Debug|x64
		{47495644-4BCE-46AE-A304-89EB8698B3E5}.Debug|x64.Build.0 = Debug|x64
		{47495644-4BCE-46AE-A304-89EB8698B3E5}.Debug|x86.ActiveCfg = Debug|x86
		{47495644-4BCE-46AE-A304-89EB8698B3E5}.Debug|x86.Build.0 = Debug|x86
		{47495644-4BCE-46AE-A304-89EB8698B3E5}.Release|Any CPU.ActiveCfg = Release|Any CPU
		{47495644-4BCE-46AE-A304-89EB8698B3E5}.Release|Any CPU.Build.0 = Release|Any CPU
		{47495644-4BCE-46AE-A304-89EB8698B3E5}.Release|ARM.ActiveCfg = Release|ARM
		{47495644-4BCE-46AE-A304-89EB8698B3E5}.Release|ARM.Build.0 = Release|ARM
		{47495644-4BCE-46AE-A304-89EB8698B3E5}.Release|iPhone.ActiveCfg = Release|Any CPU
		{47495644-4BCE-46AE-A304-89EB8698B3E5}.Release|iPhone.Build.0 = Release|Any CPU
		{47495644-4BCE-46AE-A304-89EB8698B3E5}.Release|iPhoneSimulator.ActiveCfg = Release|Any CPU
		{47495644-4BCE-46AE-A304-89EB8698B3E5}.Release|iPhoneSimulator.Build.0 = Release|Any CPU
		{47495644-4BCE-46AE-A304-89EB8698B3E5}.Release|x64.ActiveCfg = Release|x64
		{47495644-4BCE-46AE-A304-89EB8698B3E5}.Release|x64.Build.0 = Release|x64
		{47495644-4BCE-46AE-A304-89EB8698B3E5}.Release|x86.ActiveCfg = Release|x86
		{47495644-4BCE-46AE-A304-89EB8698B3E5}.Release|x86.Build.0 = Release|x86
		{67F9D3A8-F71E-4428-913F-C37AE82CDB24}.Ad-Hoc|Any CPU.ActiveCfg = Release|Any CPU
		{67F9D3A8-F71E-4428-913F-C37AE82CDB24}.Ad-Hoc|Any CPU.Build.0 = Release|Any CPU
		{67F9D3A8-F71E-4428-913F-C37AE82CDB24}.Ad-Hoc|ARM.ActiveCfg = Release|Any CPU
		{67F9D3A8-F71E-4428-913F-C37AE82CDB24}.Ad-Hoc|ARM.Build.0 = Release|Any CPU
		{67F9D3A8-F71E-4428-913F-C37AE82CDB24}.Ad-Hoc|iPhone.ActiveCfg = Release|Any CPU
		{67F9D3A8-F71E-4428-913F-C37AE82CDB24}.Ad-Hoc|iPhone.Build.0 = Release|Any CPU
		{67F9D3A8-F71E-4428-913F-C37AE82CDB24}.Ad-Hoc|iPhoneSimulator.ActiveCfg = Release|Any CPU
		{67F9D3A8-F71E-4428-913F-C37AE82CDB24}.Ad-Hoc|iPhoneSimulator.Build.0 = Release|Any CPU
		{67F9D3A8-F71E-4428-913F-C37AE82CDB24}.Ad-Hoc|x64.ActiveCfg = Release|Any CPU
		{67F9D3A8-F71E-4428-913F-C37AE82CDB24}.Ad-Hoc|x64.Build.0 = Release|Any CPU
		{67F9D3A8-F71E-4428-913F-C37AE82CDB24}.Ad-Hoc|x86.ActiveCfg = Release|Any CPU
		{67F9D3A8-F71E-4428-913F-C37AE82CDB24}.Ad-Hoc|x86.Build.0 = Release|Any CPU
		{67F9D3A8-F71E-4428-913F-C37AE82CDB24}.AppStore|Any CPU.ActiveCfg = Release|Any CPU
		{67F9D3A8-F71E-4428-913F-C37AE82CDB24}.AppStore|Any CPU.Build.0 = Release|Any CPU
		{67F9D3A8-F71E-4428-913F-C37AE82CDB24}.AppStore|ARM.ActiveCfg = Release|Any CPU
		{67F9D3A8-F71E-4428-913F-C37AE82CDB24}.AppStore|ARM.Build.0 = Release|Any CPU
		{67F9D3A8-F71E-4428-913F-C37AE82CDB24}.AppStore|iPhone.ActiveCfg = Release|Any CPU
		{67F9D3A8-F71E-4428-913F-C37AE82CDB24}.AppStore|iPhone.Build.0 = Release|Any CPU
		{67F9D3A8-F71E-4428-913F-C37AE82CDB24}.AppStore|iPhoneSimulator.ActiveCfg = Release|Any CPU
		{67F9D3A8-F71E-4428-913F-C37AE82CDB24}.AppStore|iPhoneSimulator.Build.0 = Release|Any CPU
		{67F9D3A8-F71E-4428-913F-C37AE82CDB24}.AppStore|x64.ActiveCfg = Release|Any CPU
		{67F9D3A8-F71E-4428-913F-C37AE82CDB24}.AppStore|x64.Build.0 = Release|Any CPU
		{67F9D3A8-F71E-4428-913F-C37AE82CDB24}.AppStore|x86.ActiveCfg = Release|Any CPU
		{67F9D3A8-F71E-4428-913F-C37AE82CDB24}.AppStore|x86.Build.0 = Release|Any CPU
		{67F9D3A8-F71E-4428-913F-C37AE82CDB24}.Debug|Any CPU.ActiveCfg = Debug|Any CPU
		{67F9D3A8-F71E-4428-913F-C37AE82CDB24}.Debug|Any CPU.Build.0 = Debug|Any CPU
		{67F9D3A8-F71E-4428-913F-C37AE82CDB24}.Debug|ARM.ActiveCfg = Debug|Any CPU
		{67F9D3A8-F71E-4428-913F-C37AE82CDB24}.Debug|ARM.Build.0 = Debug|Any CPU
		{67F9D3A8-F71E-4428-913F-C37AE82CDB24}.Debug|iPhone.ActiveCfg = Debug|Any CPU
		{67F9D3A8-F71E-4428-913F-C37AE82CDB24}.Debug|iPhone.Build.0 = Debug|Any CPU
		{67F9D3A8-F71E-4428-913F-C37AE82CDB24}.Debug|iPhoneSimulator.ActiveCfg = Debug|Any CPU
		{67F9D3A8-F71E-4428-913F-C37AE82CDB24}.Debug|iPhoneSimulator.Build.0 = Debug|Any CPU
		{67F9D3A8-F71E-4428-913F-C37AE82CDB24}.Debug|x64.ActiveCfg = Debug|Any CPU
		{67F9D3A8-F71E-4428-913F-C37AE82CDB24}.Debug|x64.Build.0 = Debug|Any CPU
		{67F9D3A8-F71E-4428-913F-C37AE82CDB24}.Debug|x86.ActiveCfg = Debug|Any CPU
		{67F9D3A8-F71E-4428-913F-C37AE82CDB24}.Debug|x86.Build.0 = Debug|Any CPU
		{67F9D3A8-F71E-4428-913F-C37AE82CDB24}.Release|Any CPU.ActiveCfg = Release|Any CPU
		{67F9D3A8-F71E-4428-913F-C37AE82CDB24}.Release|Any CPU.Build.0 = Release|Any CPU
		{67F9D3A8-F71E-4428-913F-C37AE82CDB24}.Release|ARM.ActiveCfg = Release|Any CPU
		{67F9D3A8-F71E-4428-913F-C37AE82CDB24}.Release|ARM.Build.0 = Release|Any CPU
		{67F9D3A8-F71E-4428-913F-C37AE82CDB24}.Release|iPhone.ActiveCfg = Release|Any CPU
		{67F9D3A8-F71E-4428-913F-C37AE82CDB24}.Release|iPhone.Build.0 = Release|Any CPU
		{67F9D3A8-F71E-4428-913F-C37AE82CDB24}.Release|iPhoneSimulator.ActiveCfg = Release|Any CPU
		{67F9D3A8-F71E-4428-913F-C37AE82CDB24}.Release|iPhoneSimulator.Build.0 = Release|Any CPU
		{67F9D3A8-F71E-4428-913F-C37AE82CDB24}.Release|x64.ActiveCfg = Release|Any CPU
		{67F9D3A8-F71E-4428-913F-C37AE82CDB24}.Release|x64.Build.0 = Release|Any CPU
		{67F9D3A8-F71E-4428-913F-C37AE82CDB24}.Release|x86.ActiveCfg = Release|Any CPU
		{67F9D3A8-F71E-4428-913F-C37AE82CDB24}.Release|x86.Build.0 = Release|Any CPU
		{C3E4896C-9C1B-4FD2-9071-F74DD8354782}.Ad-Hoc|Any CPU.ActiveCfg = Release|Any CPU
		{C3E4896C-9C1B-4FD2-9071-F74DD8354782}.Ad-Hoc|Any CPU.Build.0 = Release|Any CPU
		{C3E4896C-9C1B-4FD2-9071-F74DD8354782}.Ad-Hoc|ARM.ActiveCfg = Release|Any CPU
		{C3E4896C-9C1B-4FD2-9071-F74DD8354782}.Ad-Hoc|ARM.Build.0 = Release|Any CPU
		{C3E4896C-9C1B-4FD2-9071-F74DD8354782}.Ad-Hoc|iPhone.ActiveCfg = Release|Any CPU
		{C3E4896C-9C1B-4FD2-9071-F74DD8354782}.Ad-Hoc|iPhone.Build.0 = Release|Any CPU
		{C3E4896C-9C1B-4FD2-9071-F74DD8354782}.Ad-Hoc|iPhoneSimulator.ActiveCfg = Release|Any CPU
		{C3E4896C-9C1B-4FD2-9071-F74DD8354782}.Ad-Hoc|iPhoneSimulator.Build.0 = Release|Any CPU
		{C3E4896C-9C1B-4FD2-9071-F74DD8354782}.Ad-Hoc|x64.ActiveCfg = Release|Any CPU
		{C3E4896C-9C1B-4FD2-9071-F74DD8354782}.Ad-Hoc|x64.Build.0 = Release|Any CPU
		{C3E4896C-9C1B-4FD2-9071-F74DD8354782}.Ad-Hoc|x86.ActiveCfg = Release|Any CPU
		{C3E4896C-9C1B-4FD2-9071-F74DD8354782}.Ad-Hoc|x86.Build.0 = Release|Any CPU
		{C3E4896C-9C1B-4FD2-9071-F74DD8354782}.AppStore|Any CPU.ActiveCfg = Release|Any CPU
		{C3E4896C-9C1B-4FD2-9071-F74DD8354782}.AppStore|Any CPU.Build.0 = Release|Any CPU
		{C3E4896C-9C1B-4FD2-9071-F74DD8354782}.AppStore|ARM.ActiveCfg = Release|Any CPU
		{C3E4896C-9C1B-4FD2-9071-F74DD8354782}.AppStore|ARM.Build.0 = Release|Any CPU
		{C3E4896C-9C1B-4FD2-9071-F74DD8354782}.AppStore|iPhone.ActiveCfg = Release|Any CPU
		{C3E4896C-9C1B-4FD2-9071-F74DD8354782}.AppStore|iPhone.Build.0 = Release|Any CPU
		{C3E4896C-9C1B-4FD2-9071-F74DD8354782}.AppStore|iPhoneSimulator.ActiveCfg = Release|Any CPU
		{C3E4896C-9C1B-4FD2-9071-F74DD8354782}.AppStore|iPhoneSimulator.Build.0 = Release|Any CPU
		{C3E4896C-9C1B-4FD2-9071-F74DD8354782}.AppStore|x64.ActiveCfg = Release|Any CPU
		{C3E4896C-9C1B-4FD2-9071-F74DD8354782}.AppStore|x64.Build.0 = Release|Any CPU
		{C3E4896C-9C1B-4FD2-9071-F74DD8354782}.AppStore|x86.ActiveCfg = Release|Any CPU
		{C3E4896C-9C1B-4FD2-9071-F74DD8354782}.AppStore|x86.Build.0 = Release|Any CPU
		{C3E4896C-9C1B-4FD2-9071-F74DD8354782}.Debug|Any CPU.ActiveCfg = Debug|Any CPU
		{C3E4896C-9C1B-4FD2-9071-F74DD8354782}.Debug|Any CPU.Build.0 = Debug|Any CPU
		{C3E4896C-9C1B-4FD2-9071-F74DD8354782}.Debug|ARM.ActiveCfg = Debug|Any CPU
		{C3E4896C-9C1B-4FD2-9071-F74DD8354782}.Debug|ARM.Build.0 = Debug|Any CPU
		{C3E4896C-9C1B-4FD2-9071-F74DD8354782}.Debug|iPhone.ActiveCfg = Debug|Any CPU
		{C3E4896C-9C1B-4FD2-9071-F74DD8354782}.Debug|iPhone.Build.0 = Debug|Any CPU
		{C3E4896C-9C1B-4FD2-9071-F74DD8354782}.Debug|iPhoneSimulator.ActiveCfg = Debug|Any CPU
		{C3E4896C-9C1B-4FD2-9071-F74DD8354782}.Debug|iPhoneSimulator.Build.0 = Debug|Any CPU
		{C3E4896C-9C1B-4FD2-9071-F74DD8354782}.Debug|x64.ActiveCfg = Debug|Any CPU
		{C3E4896C-9C1B-4FD2-9071-F74DD8354782}.Debug|x64.Build.0 = Debug|Any CPU
		{C3E4896C-9C1B-4FD2-9071-F74DD8354782}.Debug|x86.ActiveCfg = Debug|Any CPU
		{C3E4896C-9C1B-4FD2-9071-F74DD8354782}.Debug|x86.Build.0 = Debug|Any CPU
		{C3E4896C-9C1B-4FD2-9071-F74DD8354782}.Release|Any CPU.ActiveCfg = Release|Any CPU
		{C3E4896C-9C1B-4FD2-9071-F74DD8354782}.Release|Any CPU.Build.0 = Release|Any CPU
		{C3E4896C-9C1B-4FD2-9071-F74DD8354782}.Release|ARM.ActiveCfg = Release|Any CPU
		{C3E4896C-9C1B-4FD2-9071-F74DD8354782}.Release|ARM.Build.0 = Release|Any CPU
		{C3E4896C-9C1B-4FD2-9071-F74DD8354782}.Release|iPhone.ActiveCfg = Release|Any CPU
		{C3E4896C-9C1B-4FD2-9071-F74DD8354782}.Release|iPhone.Build.0 = Release|Any CPU
		{C3E4896C-9C1B-4FD2-9071-F74DD8354782}.Release|iPhoneSimulator.ActiveCfg = Release|Any CPU
		{C3E4896C-9C1B-4FD2-9071-F74DD8354782}.Release|iPhoneSimulator.Build.0 = Release|Any CPU
		{C3E4896C-9C1B-4FD2-9071-F74DD8354782}.Release|x64.ActiveCfg = Release|Any CPU
		{C3E4896C-9C1B-4FD2-9071-F74DD8354782}.Release|x64.Build.0 = Release|Any CPU
		{C3E4896C-9C1B-4FD2-9071-F74DD8354782}.Release|x86.ActiveCfg = Release|Any CPU
		{C3E4896C-9C1B-4FD2-9071-F74DD8354782}.Release|x86.Build.0 = Release|Any CPU
		{3C4EF21E-AADE-4083-8F3C-103EB4F1DBF5}.Ad-Hoc|Any CPU.ActiveCfg = Release|Any CPU
		{3C4EF21E-AADE-4083-8F3C-103EB4F1DBF5}.Ad-Hoc|Any CPU.Build.0 = Release|Any CPU
		{3C4EF21E-AADE-4083-8F3C-103EB4F1DBF5}.Ad-Hoc|ARM.ActiveCfg = Release|Any CPU
		{3C4EF21E-AADE-4083-8F3C-103EB4F1DBF5}.Ad-Hoc|ARM.Build.0 = Release|Any CPU
		{3C4EF21E-AADE-4083-8F3C-103EB4F1DBF5}.Ad-Hoc|iPhone.ActiveCfg = Release|Any CPU
		{3C4EF21E-AADE-4083-8F3C-103EB4F1DBF5}.Ad-Hoc|iPhone.Build.0 = Release|Any CPU
		{3C4EF21E-AADE-4083-8F3C-103EB4F1DBF5}.Ad-Hoc|iPhoneSimulator.ActiveCfg = Release|Any CPU
		{3C4EF21E-AADE-4083-8F3C-103EB4F1DBF5}.Ad-Hoc|iPhoneSimulator.Build.0 = Release|Any CPU
		{3C4EF21E-AADE-4083-8F3C-103EB4F1DBF5}.Ad-Hoc|x64.ActiveCfg = Release|Any CPU
		{3C4EF21E-AADE-4083-8F3C-103EB4F1DBF5}.Ad-Hoc|x64.Build.0 = Release|Any CPU
		{3C4EF21E-AADE-4083-8F3C-103EB4F1DBF5}.Ad-Hoc|x86.ActiveCfg = Release|Any CPU
		{3C4EF21E-AADE-4083-8F3C-103EB4F1DBF5}.Ad-Hoc|x86.Build.0 = Release|Any CPU
		{3C4EF21E-AADE-4083-8F3C-103EB4F1DBF5}.AppStore|Any CPU.ActiveCfg = Release|Any CPU
		{3C4EF21E-AADE-4083-8F3C-103EB4F1DBF5}.AppStore|Any CPU.Build.0 = Release|Any CPU
		{3C4EF21E-AADE-4083-8F3C-103EB4F1DBF5}.AppStore|ARM.ActiveCfg = Release|Any CPU
		{3C4EF21E-AADE-4083-8F3C-103EB4F1DBF5}.AppStore|ARM.Build.0 = Release|Any CPU
		{3C4EF21E-AADE-4083-8F3C-103EB4F1DBF5}.AppStore|iPhone.ActiveCfg = Release|Any CPU
		{3C4EF21E-AADE-4083-8F3C-103EB4F1DBF5}.AppStore|iPhone.Build.0 = Release|Any CPU
		{3C4EF21E-AADE-4083-8F3C-103EB4F1DBF5}.AppStore|iPhoneSimulator.ActiveCfg = Release|Any CPU
		{3C4EF21E-AADE-4083-8F3C-103EB4F1DBF5}.AppStore|iPhoneSimulator.Build.0 = Release|Any CPU
		{3C4EF21E-AADE-4083-8F3C-103EB4F1DBF5}.AppStore|x64.ActiveCfg = Release|Any CPU
		{3C4EF21E-AADE-4083-8F3C-103EB4F1DBF5}.AppStore|x64.Build.0 = Release|Any CPU
		{3C4EF21E-AADE-4083-8F3C-103EB4F1DBF5}.AppStore|x86.ActiveCfg = Release|Any CPU
		{3C4EF21E-AADE-4083-8F3C-103EB4F1DBF5}.AppStore|x86.Build.0 = Release|Any CPU
		{3C4EF21E-AADE-4083-8F3C-103EB4F1DBF5}.Debug|Any CPU.ActiveCfg = Debug|Any CPU
		{3C4EF21E-AADE-4083-8F3C-103EB4F1DBF5}.Debug|Any CPU.Build.0 = Debug|Any CPU
		{3C4EF21E-AADE-4083-8F3C-103EB4F1DBF5}.Debug|ARM.ActiveCfg = Debug|Any CPU
		{3C4EF21E-AADE-4083-8F3C-103EB4F1DBF5}.Debug|ARM.Build.0 = Debug|Any CPU
		{3C4EF21E-AADE-4083-8F3C-103EB4F1DBF5}.Debug|iPhone.ActiveCfg = Debug|Any CPU
		{3C4EF21E-AADE-4083-8F3C-103EB4F1DBF5}.Debug|iPhone.Build.0 = Debug|Any CPU
		{3C4EF21E-AADE-4083-8F3C-103EB4F1DBF5}.Debug|iPhoneSimulator.ActiveCfg = Debug|Any CPU
		{3C4EF21E-AADE-4083-8F3C-103EB4F1DBF5}.Debug|iPhoneSimulator.Build.0 = Debug|Any CPU
		{3C4EF21E-AADE-4083-8F3C-103EB4F1DBF5}.Debug|x64.ActiveCfg = Debug|Any CPU
		{3C4EF21E-AADE-4083-8F3C-103EB4F1DBF5}.Debug|x64.Build.0 = Debug|Any CPU
		{3C4EF21E-AADE-4083-8F3C-103EB4F1DBF5}.Debug|x86.ActiveCfg = Debug|Any CPU
		{3C4EF21E-AADE-4083-8F3C-103EB4F1DBF5}.Debug|x86.Build.0 = Debug|Any CPU
		{3C4EF21E-AADE-4083-8F3C-103EB4F1DBF5}.Release|Any CPU.ActiveCfg = Release|Any CPU
		{3C4EF21E-AADE-4083-8F3C-103EB4F1DBF5}.Release|Any CPU.Build.0 = Release|Any CPU
		{3C4EF21E-AADE-4083-8F3C-103EB4F1DBF5}.Release|ARM.ActiveCfg = Release|Any CPU
		{3C4EF21E-AADE-4083-8F3C-103EB4F1DBF5}.Release|ARM.Build.0 = Release|Any CPU
		{3C4EF21E-AADE-4083-8F3C-103EB4F1DBF5}.Release|iPhone.ActiveCfg = Release|Any CPU
		{3C4EF21E-AADE-4083-8F3C-103EB4F1DBF5}.Release|iPhone.Build.0 = Release|Any CPU
		{3C4EF21E-AADE-4083-8F3C-103EB4F1DBF5}.Release|iPhoneSimulator.ActiveCfg = Release|Any CPU
		{3C4EF21E-AADE-4083-8F3C-103EB4F1DBF5}.Release|iPhoneSimulator.Build.0 = Release|Any CPU
		{3C4EF21E-AADE-4083-8F3C-103EB4F1DBF5}.Release|x64.ActiveCfg = Release|Any CPU
		{3C4EF21E-AADE-4083-8F3C-103EB4F1DBF5}.Release|x64.Build.0 = Release|Any CPU
		{3C4EF21E-AADE-4083-8F3C-103EB4F1DBF5}.Release|x86.ActiveCfg = Release|Any CPU
		{3C4EF21E-AADE-4083-8F3C-103EB4F1DBF5}.Release|x86.Build.0 = Release|Any CPU
		{9B021997-D586-4ED7-A527-AD50F34CBB99}.Ad-Hoc|Any CPU.ActiveCfg = Release|Any CPU
		{9B021997-D586-4ED7-A527-AD50F34CBB99}.Ad-Hoc|Any CPU.Build.0 = Release|Any CPU
		{9B021997-D586-4ED7-A527-AD50F34CBB99}.Ad-Hoc|ARM.ActiveCfg = Release|Any CPU
		{9B021997-D586-4ED7-A527-AD50F34CBB99}.Ad-Hoc|ARM.Build.0 = Release|Any CPU
		{9B021997-D586-4ED7-A527-AD50F34CBB99}.Ad-Hoc|iPhone.ActiveCfg = Release|Any CPU
		{9B021997-D586-4ED7-A527-AD50F34CBB99}.Ad-Hoc|iPhone.Build.0 = Release|Any CPU
		{9B021997-D586-4ED7-A527-AD50F34CBB99}.Ad-Hoc|iPhoneSimulator.ActiveCfg = Release|Any CPU
		{9B021997-D586-4ED7-A527-AD50F34CBB99}.Ad-Hoc|iPhoneSimulator.Build.0 = Release|Any CPU
		{9B021997-D586-4ED7-A527-AD50F34CBB99}.Ad-Hoc|x64.ActiveCfg = Release|Any CPU
		{9B021997-D586-4ED7-A527-AD50F34CBB99}.Ad-Hoc|x64.Build.0 = Release|Any CPU
		{9B021997-D586-4ED7-A527-AD50F34CBB99}.Ad-Hoc|x86.ActiveCfg = Release|Any CPU
		{9B021997-D586-4ED7-A527-AD50F34CBB99}.Ad-Hoc|x86.Build.0 = Release|Any CPU
		{9B021997-D586-4ED7-A527-AD50F34CBB99}.AppStore|Any CPU.ActiveCfg = Release|Any CPU
		{9B021997-D586-4ED7-A527-AD50F34CBB99}.AppStore|Any CPU.Build.0 = Release|Any CPU
		{9B021997-D586-4ED7-A527-AD50F34CBB99}.AppStore|ARM.ActiveCfg = Release|Any CPU
		{9B021997-D586-4ED7-A527-AD50F34CBB99}.AppStore|ARM.Build.0 = Release|Any CPU
		{9B021997-D586-4ED7-A527-AD50F34CBB99}.AppStore|iPhone.ActiveCfg = Release|Any CPU
		{9B021997-D586-4ED7-A527-AD50F34CBB99}.AppStore|iPhone.Build.0 = Release|Any CPU
		{9B021997-D586-4ED7-A527-AD50F34CBB99}.AppStore|iPhoneSimulator.ActiveCfg = Release|Any CPU
		{9B021997-D586-4ED7-A527-AD50F34CBB99}.AppStore|iPhoneSimulator.Build.0 = Release|Any CPU
		{9B021997-D586-4ED7-A527-AD50F34CBB99}.AppStore|x64.ActiveCfg = Release|Any CPU
		{9B021997-D586-4ED7-A527-AD50F34CBB99}.AppStore|x64.Build.0 = Release|Any CPU
		{9B021997-D586-4ED7-A527-AD50F34CBB99}.AppStore|x86.ActiveCfg = Release|Any CPU
		{9B021997-D586-4ED7-A527-AD50F34CBB99}.AppStore|x86.Build.0 = Release|Any CPU
		{9B021997-D586-4ED7-A527-AD50F34CBB99}.Debug|Any CPU.ActiveCfg = Debug|Any CPU
		{9B021997-D586-4ED7-A527-AD50F34CBB99}.Debug|Any CPU.Build.0 = Debug|Any CPU
		{9B021997-D586-4ED7-A527-AD50F34CBB99}.Debug|ARM.ActiveCfg = Debug|Any CPU
		{9B021997-D586-4ED7-A527-AD50F34CBB99}.Debug|ARM.Build.0 = Debug|Any CPU
		{9B021997-D586-4ED7-A527-AD50F34CBB99}.Debug|iPhone.ActiveCfg = Debug|Any CPU
		{9B021997-D586-4ED7-A527-AD50F34CBB99}.Debug|iPhone.Build.0 = Debug|Any CPU
		{9B021997-D586-4ED7-A527-AD50F34CBB99}.Debug|iPhoneSimulator.ActiveCfg = Debug|Any CPU
		{9B021997-D586-4ED7-A527-AD50F34CBB99}.Debug|iPhoneSimulator.Build.0 = Debug|Any CPU
		{9B021997-D586-4ED7-A527-AD50F34CBB99}.Debug|x64.ActiveCfg = Debug|Any CPU
		{9B021997-D586-4ED7-A527-AD50F34CBB99}.Debug|x64.Build.0 = Debug|Any CPU
		{9B021997-D586-4ED7-A527-AD50F34CBB99}.Debug|x86.ActiveCfg = Debug|Any CPU
		{9B021997-D586-4ED7-A527-AD50F34CBB99}.Debug|x86.Build.0 = Debug|Any CPU
		{9B021997-D586-4ED7-A527-AD50F34CBB99}.Release|Any CPU.ActiveCfg = Release|Any CPU
		{9B021997-D586-4ED7-A527-AD50F34CBB99}.Release|Any CPU.Build.0 = Release|Any CPU
		{9B021997-D586-4ED7-A527-AD50F34CBB99}.Release|ARM.ActiveCfg = Release|Any CPU
		{9B021997-D586-4ED7-A527-AD50F34CBB99}.Release|ARM.Build.0 = Release|Any CPU
		{9B021997-D586-4ED7-A527-AD50F34CBB99}.Release|iPhone.ActiveCfg = Release|Any CPU
		{9B021997-D586-4ED7-A527-AD50F34CBB99}.Release|iPhone.Build.0 = Release|Any CPU
		{9B021997-D586-4ED7-A527-AD50F34CBB99}.Release|iPhoneSimulator.ActiveCfg = Release|Any CPU
		{9B021997-D586-4ED7-A527-AD50F34CBB99}.Release|iPhoneSimulator.Build.0 = Release|Any CPU
		{9B021997-D586-4ED7-A527-AD50F34CBB99}.Release|x64.ActiveCfg = Release|Any CPU
		{9B021997-D586-4ED7-A527-AD50F34CBB99}.Release|x64.Build.0 = Release|Any CPU
		{9B021997-D586-4ED7-A527-AD50F34CBB99}.Release|x86.ActiveCfg = Release|Any CPU
		{9B021997-D586-4ED7-A527-AD50F34CBB99}.Release|x86.Build.0 = Release|Any CPU
		{1742E1E2-6986-45C4-9D27-2D00A63086F9}.Ad-Hoc|Any CPU.ActiveCfg = Release|Any CPU
		{1742E1E2-6986-45C4-9D27-2D00A63086F9}.Ad-Hoc|Any CPU.Build.0 = Release|Any CPU
		{1742E1E2-6986-45C4-9D27-2D00A63086F9}.Ad-Hoc|ARM.ActiveCfg = Release|ARM
		{1742E1E2-6986-45C4-9D27-2D00A63086F9}.Ad-Hoc|ARM.Build.0 = Release|ARM
		{1742E1E2-6986-45C4-9D27-2D00A63086F9}.Ad-Hoc|iPhone.ActiveCfg = Release|Any CPU
		{1742E1E2-6986-45C4-9D27-2D00A63086F9}.Ad-Hoc|iPhone.Build.0 = Release|Any CPU
		{1742E1E2-6986-45C4-9D27-2D00A63086F9}.Ad-Hoc|iPhoneSimulator.ActiveCfg = Release|Any CPU
		{1742E1E2-6986-45C4-9D27-2D00A63086F9}.Ad-Hoc|iPhoneSimulator.Build.0 = Release|Any CPU
		{1742E1E2-6986-45C4-9D27-2D00A63086F9}.Ad-Hoc|x64.ActiveCfg = Release|x64
		{1742E1E2-6986-45C4-9D27-2D00A63086F9}.Ad-Hoc|x64.Build.0 = Release|x64
		{1742E1E2-6986-45C4-9D27-2D00A63086F9}.Ad-Hoc|x86.ActiveCfg = Release|x86
		{1742E1E2-6986-45C4-9D27-2D00A63086F9}.Ad-Hoc|x86.Build.0 = Release|x86
		{1742E1E2-6986-45C4-9D27-2D00A63086F9}.AppStore|Any CPU.ActiveCfg = Release|Any CPU
		{1742E1E2-6986-45C4-9D27-2D00A63086F9}.AppStore|Any CPU.Build.0 = Release|Any CPU
		{1742E1E2-6986-45C4-9D27-2D00A63086F9}.AppStore|ARM.ActiveCfg = Release|ARM
		{1742E1E2-6986-45C4-9D27-2D00A63086F9}.AppStore|ARM.Build.0 = Release|ARM
		{1742E1E2-6986-45C4-9D27-2D00A63086F9}.AppStore|iPhone.ActiveCfg = Release|Any CPU
		{1742E1E2-6986-45C4-9D27-2D00A63086F9}.AppStore|iPhone.Build.0 = Release|Any CPU
		{1742E1E2-6986-45C4-9D27-2D00A63086F9}.AppStore|iPhoneSimulator.ActiveCfg = Release|Any CPU
		{1742E1E2-6986-45C4-9D27-2D00A63086F9}.AppStore|iPhoneSimulator.Build.0 = Release|Any CPU
		{1742E1E2-6986-45C4-9D27-2D00A63086F9}.AppStore|x64.ActiveCfg = Release|x64
		{1742E1E2-6986-45C4-9D27-2D00A63086F9}.AppStore|x64.Build.0 = Release|x64
		{1742E1E2-6986-45C4-9D27-2D00A63086F9}.AppStore|x86.ActiveCfg = Release|x86
		{1742E1E2-6986-45C4-9D27-2D00A63086F9}.AppStore|x86.Build.0 = Release|x86
		{1742E1E2-6986-45C4-9D27-2D00A63086F9}.Debug|Any CPU.ActiveCfg = Debug|Any CPU
		{1742E1E2-6986-45C4-9D27-2D00A63086F9}.Debug|Any CPU.Build.0 = Debug|Any CPU
		{1742E1E2-6986-45C4-9D27-2D00A63086F9}.Debug|ARM.ActiveCfg = Debug|ARM
		{1742E1E2-6986-45C4-9D27-2D00A63086F9}.Debug|ARM.Build.0 = Debug|ARM
		{1742E1E2-6986-45C4-9D27-2D00A63086F9}.Debug|iPhone.ActiveCfg = Debug|Any CPU
		{1742E1E2-6986-45C4-9D27-2D00A63086F9}.Debug|iPhone.Build.0 = Debug|Any CPU
		{1742E1E2-6986-45C4-9D27-2D00A63086F9}.Debug|iPhoneSimulator.ActiveCfg = Debug|Any CPU
		{1742E1E2-6986-45C4-9D27-2D00A63086F9}.Debug|iPhoneSimulator.Build.0 = Debug|Any CPU
		{1742E1E2-6986-45C4-9D27-2D00A63086F9}.Debug|x64.ActiveCfg = Debug|x64
		{1742E1E2-6986-45C4-9D27-2D00A63086F9}.Debug|x64.Build.0 = Debug|x64
		{1742E1E2-6986-45C4-9D27-2D00A63086F9}.Debug|x86.ActiveCfg = Debug|x86
		{1742E1E2-6986-45C4-9D27-2D00A63086F9}.Debug|x86.Build.0 = Debug|x86
		{1742E1E2-6986-45C4-9D27-2D00A63086F9}.Release|Any CPU.ActiveCfg = Release|Any CPU
		{1742E1E2-6986-45C4-9D27-2D00A63086F9}.Release|Any CPU.Build.0 = Release|Any CPU
		{1742E1E2-6986-45C4-9D27-2D00A63086F9}.Release|ARM.ActiveCfg = Release|ARM
		{1742E1E2-6986-45C4-9D27-2D00A63086F9}.Release|ARM.Build.0 = Release|ARM
		{1742E1E2-6986-45C4-9D27-2D00A63086F9}.Release|iPhone.ActiveCfg = Release|Any CPU
		{1742E1E2-6986-45C4-9D27-2D00A63086F9}.Release|iPhone.Build.0 = Release|Any CPU
		{1742E1E2-6986-45C4-9D27-2D00A63086F9}.Release|iPhoneSimulator.ActiveCfg = Release|Any CPU
		{1742E1E2-6986-45C4-9D27-2D00A63086F9}.Release|iPhoneSimulator.Build.0 = Release|Any CPU
		{1742E1E2-6986-45C4-9D27-2D00A63086F9}.Release|x64.ActiveCfg = Release|x64
		{1742E1E2-6986-45C4-9D27-2D00A63086F9}.Release|x64.Build.0 = Release|x64
		{1742E1E2-6986-45C4-9D27-2D00A63086F9}.Release|x86.ActiveCfg = Release|x86
		{1742E1E2-6986-45C4-9D27-2D00A63086F9}.Release|x86.Build.0 = Release|x86
		{3D96D749-E365-41C6-B72D-1BE2127A3C80}.Ad-Hoc|Any CPU.ActiveCfg = Release|Any CPU
		{3D96D749-E365-41C6-B72D-1BE2127A3C80}.Ad-Hoc|Any CPU.Build.0 = Release|Any CPU
		{3D96D749-E365-41C6-B72D-1BE2127A3C80}.Ad-Hoc|ARM.ActiveCfg = Release|Any CPU
		{3D96D749-E365-41C6-B72D-1BE2127A3C80}.Ad-Hoc|ARM.Build.0 = Release|Any CPU
		{3D96D749-E365-41C6-B72D-1BE2127A3C80}.Ad-Hoc|iPhone.ActiveCfg = Release|Any CPU
		{3D96D749-E365-41C6-B72D-1BE2127A3C80}.Ad-Hoc|iPhone.Build.0 = Release|Any CPU
		{3D96D749-E365-41C6-B72D-1BE2127A3C80}.Ad-Hoc|iPhoneSimulator.ActiveCfg = Release|Any CPU
		{3D96D749-E365-41C6-B72D-1BE2127A3C80}.Ad-Hoc|iPhoneSimulator.Build.0 = Release|Any CPU
		{3D96D749-E365-41C6-B72D-1BE2127A3C80}.Ad-Hoc|x64.ActiveCfg = Release|Any CPU
		{3D96D749-E365-41C6-B72D-1BE2127A3C80}.Ad-Hoc|x64.Build.0 = Release|Any CPU
		{3D96D749-E365-41C6-B72D-1BE2127A3C80}.Ad-Hoc|x86.ActiveCfg = Release|Any CPU
		{3D96D749-E365-41C6-B72D-1BE2127A3C80}.Ad-Hoc|x86.Build.0 = Release|Any CPU
		{3D96D749-E365-41C6-B72D-1BE2127A3C80}.AppStore|Any CPU.ActiveCfg = Release|Any CPU
		{3D96D749-E365-41C6-B72D-1BE2127A3C80}.AppStore|Any CPU.Build.0 = Release|Any CPU
		{3D96D749-E365-41C6-B72D-1BE2127A3C80}.AppStore|ARM.ActiveCfg = Release|Any CPU
		{3D96D749-E365-41C6-B72D-1BE2127A3C80}.AppStore|ARM.Build.0 = Release|Any CPU
		{3D96D749-E365-41C6-B72D-1BE2127A3C80}.AppStore|iPhone.ActiveCfg = Release|Any CPU
		{3D96D749-E365-41C6-B72D-1BE2127A3C80}.AppStore|iPhone.Build.0 = Release|Any CPU
		{3D96D749-E365-41C6-B72D-1BE2127A3C80}.AppStore|iPhoneSimulator.ActiveCfg = Release|Any CPU
		{3D96D749-E365-41C6-B72D-1BE2127A3C80}.AppStore|iPhoneSimulator.Build.0 = Release|Any CPU
		{3D96D749-E365-41C6-B72D-1BE2127A3C80}.AppStore|x64.ActiveCfg = Release|Any CPU
		{3D96D749-E365-41C6-B72D-1BE2127A3C80}.AppStore|x64.Build.0 = Release|Any CPU
		{3D96D749-E365-41C6-B72D-1BE2127A3C80}.AppStore|x86.ActiveCfg = Release|Any CPU
		{3D96D749-E365-41C6-B72D-1BE2127A3C80}.AppStore|x86.Build.0 = Release|Any CPU
		{3D96D749-E365-41C6-B72D-1BE2127A3C80}.Debug|Any CPU.ActiveCfg = Debug|Any CPU
		{3D96D749-E365-41C6-B72D-1BE2127A3C80}.Debug|Any CPU.Build.0 = Debug|Any CPU
		{3D96D749-E365-41C6-B72D-1BE2127A3C80}.Debug|ARM.ActiveCfg = Debug|Any CPU
		{3D96D749-E365-41C6-B72D-1BE2127A3C80}.Debug|ARM.Build.0 = Debug|Any CPU
		{3D96D749-E365-41C6-B72D-1BE2127A3C80}.Debug|iPhone.ActiveCfg = Debug|Any CPU
		{3D96D749-E365-41C6-B72D-1BE2127A3C80}.Debug|iPhone.Build.0 = Debug|Any CPU
		{3D96D749-E365-41C6-B72D-1BE2127A3C80}.Debug|iPhoneSimulator.ActiveCfg = Debug|Any CPU
		{3D96D749-E365-41C6-B72D-1BE2127A3C80}.Debug|iPhoneSimulator.Build.0 = Debug|Any CPU
		{3D96D749-E365-41C6-B72D-1BE2127A3C80}.Debug|x64.ActiveCfg = Debug|Any CPU
		{3D96D749-E365-41C6-B72D-1BE2127A3C80}.Debug|x64.Build.0 = Debug|Any CPU
		{3D96D749-E365-41C6-B72D-1BE2127A3C80}.Debug|x86.ActiveCfg = Debug|Any CPU
		{3D96D749-E365-41C6-B72D-1BE2127A3C80}.Debug|x86.Build.0 = Debug|Any CPU
		{3D96D749-E365-41C6-B72D-1BE2127A3C80}.Release|Any CPU.ActiveCfg = Release|Any CPU
		{3D96D749-E365-41C6-B72D-1BE2127A3C80}.Release|Any CPU.Build.0 = Release|Any CPU
		{3D96D749-E365-41C6-B72D-1BE2127A3C80}.Release|ARM.ActiveCfg = Release|Any CPU
		{3D96D749-E365-41C6-B72D-1BE2127A3C80}.Release|ARM.Build.0 = Release|Any CPU
		{3D96D749-E365-41C6-B72D-1BE2127A3C80}.Release|iPhone.ActiveCfg = Release|Any CPU
		{3D96D749-E365-41C6-B72D-1BE2127A3C80}.Release|iPhone.Build.0 = Release|Any CPU
		{3D96D749-E365-41C6-B72D-1BE2127A3C80}.Release|iPhoneSimulator.ActiveCfg = Release|Any CPU
		{3D96D749-E365-41C6-B72D-1BE2127A3C80}.Release|iPhoneSimulator.Build.0 = Release|Any CPU
		{3D96D749-E365-41C6-B72D-1BE2127A3C80}.Release|x64.ActiveCfg = Release|Any CPU
		{3D96D749-E365-41C6-B72D-1BE2127A3C80}.Release|x64.Build.0 = Release|Any CPU
		{3D96D749-E365-41C6-B72D-1BE2127A3C80}.Release|x86.ActiveCfg = Release|Any CPU
		{3D96D749-E365-41C6-B72D-1BE2127A3C80}.Release|x86.Build.0 = Release|Any CPU
		{A6CC760C-92F4-4B87-8665-81AA1655F5FA}.Ad-Hoc|Any CPU.ActiveCfg = Release|Any CPU
		{A6CC760C-92F4-4B87-8665-81AA1655F5FA}.Ad-Hoc|Any CPU.Build.0 = Release|Any CPU
		{A6CC760C-92F4-4B87-8665-81AA1655F5FA}.Ad-Hoc|ARM.ActiveCfg = Release|Any CPU
		{A6CC760C-92F4-4B87-8665-81AA1655F5FA}.Ad-Hoc|ARM.Build.0 = Release|Any CPU
		{A6CC760C-92F4-4B87-8665-81AA1655F5FA}.Ad-Hoc|iPhone.ActiveCfg = Release|Any CPU
		{A6CC760C-92F4-4B87-8665-81AA1655F5FA}.Ad-Hoc|iPhone.Build.0 = Release|Any CPU
		{A6CC760C-92F4-4B87-8665-81AA1655F5FA}.Ad-Hoc|iPhoneSimulator.ActiveCfg = Release|Any CPU
		{A6CC760C-92F4-4B87-8665-81AA1655F5FA}.Ad-Hoc|iPhoneSimulator.Build.0 = Release|Any CPU
		{A6CC760C-92F4-4B87-8665-81AA1655F5FA}.Ad-Hoc|x64.ActiveCfg = Release|Any CPU
		{A6CC760C-92F4-4B87-8665-81AA1655F5FA}.Ad-Hoc|x64.Build.0 = Release|Any CPU
		{A6CC760C-92F4-4B87-8665-81AA1655F5FA}.Ad-Hoc|x86.ActiveCfg = Release|Any CPU
		{A6CC760C-92F4-4B87-8665-81AA1655F5FA}.Ad-Hoc|x86.Build.0 = Release|Any CPU
		{A6CC760C-92F4-4B87-8665-81AA1655F5FA}.AppStore|Any CPU.ActiveCfg = Release|Any CPU
		{A6CC760C-92F4-4B87-8665-81AA1655F5FA}.AppStore|Any CPU.Build.0 = Release|Any CPU
		{A6CC760C-92F4-4B87-8665-81AA1655F5FA}.AppStore|ARM.ActiveCfg = Release|Any CPU
		{A6CC760C-92F4-4B87-8665-81AA1655F5FA}.AppStore|ARM.Build.0 = Release|Any CPU
		{A6CC760C-92F4-4B87-8665-81AA1655F5FA}.AppStore|iPhone.ActiveCfg = Release|Any CPU
		{A6CC760C-92F4-4B87-8665-81AA1655F5FA}.AppStore|iPhone.Build.0 = Release|Any CPU
		{A6CC760C-92F4-4B87-8665-81AA1655F5FA}.AppStore|iPhoneSimulator.ActiveCfg = Release|Any CPU
		{A6CC760C-92F4-4B87-8665-81AA1655F5FA}.AppStore|iPhoneSimulator.Build.0 = Release|Any CPU
		{A6CC760C-92F4-4B87-8665-81AA1655F5FA}.AppStore|x64.ActiveCfg = Release|Any CPU
		{A6CC760C-92F4-4B87-8665-81AA1655F5FA}.AppStore|x64.Build.0 = Release|Any CPU
		{A6CC760C-92F4-4B87-8665-81AA1655F5FA}.AppStore|x86.ActiveCfg = Release|Any CPU
		{A6CC760C-92F4-4B87-8665-81AA1655F5FA}.AppStore|x86.Build.0 = Release|Any CPU
		{A6CC760C-92F4-4B87-8665-81AA1655F5FA}.Debug|Any CPU.ActiveCfg = Debug|Any CPU
		{A6CC760C-92F4-4B87-8665-81AA1655F5FA}.Debug|Any CPU.Build.0 = Debug|Any CPU
		{A6CC760C-92F4-4B87-8665-81AA1655F5FA}.Debug|ARM.ActiveCfg = Debug|Any CPU
		{A6CC760C-92F4-4B87-8665-81AA1655F5FA}.Debug|ARM.Build.0 = Debug|Any CPU
		{A6CC760C-92F4-4B87-8665-81AA1655F5FA}.Debug|iPhone.ActiveCfg = Debug|Any CPU
		{A6CC760C-92F4-4B87-8665-81AA1655F5FA}.Debug|iPhone.Build.0 = Debug|Any CPU
		{A6CC760C-92F4-4B87-8665-81AA1655F5FA}.Debug|iPhoneSimulator.ActiveCfg = Debug|Any CPU
		{A6CC760C-92F4-4B87-8665-81AA1655F5FA}.Debug|iPhoneSimulator.Build.0 = Debug|Any CPU
		{A6CC760C-92F4-4B87-8665-81AA1655F5FA}.Debug|x64.ActiveCfg = Debug|Any CPU
		{A6CC760C-92F4-4B87-8665-81AA1655F5FA}.Debug|x64.Build.0 = Debug|Any CPU
		{A6CC760C-92F4-4B87-8665-81AA1655F5FA}.Debug|x86.ActiveCfg = Debug|Any CPU
		{A6CC760C-92F4-4B87-8665-81AA1655F5FA}.Debug|x86.Build.0 = Debug|Any CPU
		{A6CC760C-92F4-4B87-8665-81AA1655F5FA}.Release|Any CPU.ActiveCfg = Release|Any CPU
		{A6CC760C-92F4-4B87-8665-81AA1655F5FA}.Release|Any CPU.Build.0 = Release|Any CPU
		{A6CC760C-92F4-4B87-8665-81AA1655F5FA}.Release|ARM.ActiveCfg = Release|Any CPU
		{A6CC760C-92F4-4B87-8665-81AA1655F5FA}.Release|ARM.Build.0 = Release|Any CPU
		{A6CC760C-92F4-4B87-8665-81AA1655F5FA}.Release|iPhone.ActiveCfg = Release|Any CPU
		{A6CC760C-92F4-4B87-8665-81AA1655F5FA}.Release|iPhone.Build.0 = Release|Any CPU
		{A6CC760C-92F4-4B87-8665-81AA1655F5FA}.Release|iPhoneSimulator.ActiveCfg = Release|Any CPU
		{A6CC760C-92F4-4B87-8665-81AA1655F5FA}.Release|iPhoneSimulator.Build.0 = Release|Any CPU
		{A6CC760C-92F4-4B87-8665-81AA1655F5FA}.Release|x64.ActiveCfg = Release|Any CPU
		{A6CC760C-92F4-4B87-8665-81AA1655F5FA}.Release|x64.Build.0 = Release|Any CPU
		{A6CC760C-92F4-4B87-8665-81AA1655F5FA}.Release|x86.ActiveCfg = Release|Any CPU
		{A6CC760C-92F4-4B87-8665-81AA1655F5FA}.Release|x86.Build.0 = Release|Any CPU
		{10F11423-7BE2-4446-8738-05ED9AB7B2D9}.Ad-Hoc|Any CPU.ActiveCfg = Ad-Hoc|iPhone
		{10F11423-7BE2-4446-8738-05ED9AB7B2D9}.Ad-Hoc|ARM.ActiveCfg = Ad-Hoc|iPhone
		{10F11423-7BE2-4446-8738-05ED9AB7B2D9}.Ad-Hoc|iPhone.ActiveCfg = Ad-Hoc|iPhone
		{10F11423-7BE2-4446-8738-05ED9AB7B2D9}.Ad-Hoc|iPhone.Build.0 = Ad-Hoc|iPhone
		{10F11423-7BE2-4446-8738-05ED9AB7B2D9}.Ad-Hoc|iPhoneSimulator.ActiveCfg = Ad-Hoc|iPhoneSimulator
		{10F11423-7BE2-4446-8738-05ED9AB7B2D9}.Ad-Hoc|iPhoneSimulator.Build.0 = Ad-Hoc|iPhoneSimulator
		{10F11423-7BE2-4446-8738-05ED9AB7B2D9}.Ad-Hoc|x64.ActiveCfg = Ad-Hoc|iPhone
		{10F11423-7BE2-4446-8738-05ED9AB7B2D9}.Ad-Hoc|x86.ActiveCfg = Ad-Hoc|iPhone
		{10F11423-7BE2-4446-8738-05ED9AB7B2D9}.AppStore|Any CPU.ActiveCfg = AppStore|iPhone
		{10F11423-7BE2-4446-8738-05ED9AB7B2D9}.AppStore|ARM.ActiveCfg = AppStore|iPhone
		{10F11423-7BE2-4446-8738-05ED9AB7B2D9}.AppStore|iPhone.ActiveCfg = AppStore|iPhone
		{10F11423-7BE2-4446-8738-05ED9AB7B2D9}.AppStore|iPhone.Build.0 = AppStore|iPhone
		{10F11423-7BE2-4446-8738-05ED9AB7B2D9}.AppStore|iPhoneSimulator.ActiveCfg = AppStore|iPhoneSimulator
		{10F11423-7BE2-4446-8738-05ED9AB7B2D9}.AppStore|iPhoneSimulator.Build.0 = AppStore|iPhoneSimulator
		{10F11423-7BE2-4446-8738-05ED9AB7B2D9}.AppStore|x64.ActiveCfg = AppStore|iPhone
		{10F11423-7BE2-4446-8738-05ED9AB7B2D9}.AppStore|x86.ActiveCfg = AppStore|iPhone
		{10F11423-7BE2-4446-8738-05ED9AB7B2D9}.Debug|Any CPU.ActiveCfg = Debug|iPhone
		{10F11423-7BE2-4446-8738-05ED9AB7B2D9}.Debug|ARM.ActiveCfg = Debug|iPhone
		{10F11423-7BE2-4446-8738-05ED9AB7B2D9}.Debug|iPhone.ActiveCfg = Debug|iPhone
		{10F11423-7BE2-4446-8738-05ED9AB7B2D9}.Debug|iPhone.Build.0 = Debug|iPhone
		{10F11423-7BE2-4446-8738-05ED9AB7B2D9}.Debug|iPhoneSimulator.ActiveCfg = Debug|iPhoneSimulator
		{10F11423-7BE2-4446-8738-05ED9AB7B2D9}.Debug|iPhoneSimulator.Build.0 = Debug|iPhoneSimulator
		{10F11423-7BE2-4446-8738-05ED9AB7B2D9}.Debug|x64.ActiveCfg = Debug|iPhone
		{10F11423-7BE2-4446-8738-05ED9AB7B2D9}.Debug|x86.ActiveCfg = Debug|iPhone
		{10F11423-7BE2-4446-8738-05ED9AB7B2D9}.Release|Any CPU.ActiveCfg = Release|iPhone
		{10F11423-7BE2-4446-8738-05ED9AB7B2D9}.Release|ARM.ActiveCfg = Release|iPhone
		{10F11423-7BE2-4446-8738-05ED9AB7B2D9}.Release|iPhone.ActiveCfg = Release|iPhone
		{10F11423-7BE2-4446-8738-05ED9AB7B2D9}.Release|iPhone.Build.0 = Release|iPhone
		{10F11423-7BE2-4446-8738-05ED9AB7B2D9}.Release|iPhoneSimulator.ActiveCfg = Release|iPhoneSimulator
		{10F11423-7BE2-4446-8738-05ED9AB7B2D9}.Release|iPhoneSimulator.Build.0 = Release|iPhoneSimulator
		{10F11423-7BE2-4446-8738-05ED9AB7B2D9}.Release|x64.ActiveCfg = Release|iPhone
		{10F11423-7BE2-4446-8738-05ED9AB7B2D9}.Release|x86.ActiveCfg = Release|iPhone
		{7DDECA12-92A2-4884-B068-A90BAABD6B42}.Ad-Hoc|Any CPU.ActiveCfg = Release|Any CPU
		{7DDECA12-92A2-4884-B068-A90BAABD6B42}.Ad-Hoc|Any CPU.Build.0 = Release|Any CPU
		{7DDECA12-92A2-4884-B068-A90BAABD6B42}.Ad-Hoc|Any CPU.Deploy.0 = Release|Any CPU
		{7DDECA12-92A2-4884-B068-A90BAABD6B42}.Ad-Hoc|ARM.ActiveCfg = Release|Any CPU
		{7DDECA12-92A2-4884-B068-A90BAABD6B42}.Ad-Hoc|ARM.Build.0 = Release|Any CPU
		{7DDECA12-92A2-4884-B068-A90BAABD6B42}.Ad-Hoc|ARM.Deploy.0 = Release|Any CPU
		{7DDECA12-92A2-4884-B068-A90BAABD6B42}.Ad-Hoc|iPhone.ActiveCfg = Release|Any CPU
		{7DDECA12-92A2-4884-B068-A90BAABD6B42}.Ad-Hoc|iPhone.Build.0 = Release|Any CPU
		{7DDECA12-92A2-4884-B068-A90BAABD6B42}.Ad-Hoc|iPhone.Deploy.0 = Release|Any CPU
		{7DDECA12-92A2-4884-B068-A90BAABD6B42}.Ad-Hoc|iPhoneSimulator.ActiveCfg = Release|Any CPU
		{7DDECA12-92A2-4884-B068-A90BAABD6B42}.Ad-Hoc|iPhoneSimulator.Build.0 = Release|Any CPU
		{7DDECA12-92A2-4884-B068-A90BAABD6B42}.Ad-Hoc|iPhoneSimulator.Deploy.0 = Release|Any CPU
		{7DDECA12-92A2-4884-B068-A90BAABD6B42}.Ad-Hoc|x64.ActiveCfg = Release|Any CPU
		{7DDECA12-92A2-4884-B068-A90BAABD6B42}.Ad-Hoc|x64.Build.0 = Release|Any CPU
		{7DDECA12-92A2-4884-B068-A90BAABD6B42}.Ad-Hoc|x64.Deploy.0 = Release|Any CPU
		{7DDECA12-92A2-4884-B068-A90BAABD6B42}.Ad-Hoc|x86.ActiveCfg = Release|Any CPU
		{7DDECA12-92A2-4884-B068-A90BAABD6B42}.Ad-Hoc|x86.Build.0 = Release|Any CPU
		{7DDECA12-92A2-4884-B068-A90BAABD6B42}.Ad-Hoc|x86.Deploy.0 = Release|Any CPU
		{7DDECA12-92A2-4884-B068-A90BAABD6B42}.AppStore|Any CPU.ActiveCfg = Release|Any CPU
		{7DDECA12-92A2-4884-B068-A90BAABD6B42}.AppStore|Any CPU.Build.0 = Release|Any CPU
		{7DDECA12-92A2-4884-B068-A90BAABD6B42}.AppStore|Any CPU.Deploy.0 = Release|Any CPU
		{7DDECA12-92A2-4884-B068-A90BAABD6B42}.AppStore|ARM.ActiveCfg = Release|Any CPU
		{7DDECA12-92A2-4884-B068-A90BAABD6B42}.AppStore|ARM.Build.0 = Release|Any CPU
		{7DDECA12-92A2-4884-B068-A90BAABD6B42}.AppStore|ARM.Deploy.0 = Release|Any CPU
		{7DDECA12-92A2-4884-B068-A90BAABD6B42}.AppStore|iPhone.ActiveCfg = Release|Any CPU
		{7DDECA12-92A2-4884-B068-A90BAABD6B42}.AppStore|iPhone.Build.0 = Release|Any CPU
		{7DDECA12-92A2-4884-B068-A90BAABD6B42}.AppStore|iPhone.Deploy.0 = Release|Any CPU
		{7DDECA12-92A2-4884-B068-A90BAABD6B42}.AppStore|iPhoneSimulator.ActiveCfg = Release|Any CPU
		{7DDECA12-92A2-4884-B068-A90BAABD6B42}.AppStore|iPhoneSimulator.Build.0 = Release|Any CPU
		{7DDECA12-92A2-4884-B068-A90BAABD6B42}.AppStore|iPhoneSimulator.Deploy.0 = Release|Any CPU
		{7DDECA12-92A2-4884-B068-A90BAABD6B42}.AppStore|x64.ActiveCfg = Release|Any CPU
		{7DDECA12-92A2-4884-B068-A90BAABD6B42}.AppStore|x64.Build.0 = Release|Any CPU
		{7DDECA12-92A2-4884-B068-A90BAABD6B42}.AppStore|x64.Deploy.0 = Release|Any CPU
		{7DDECA12-92A2-4884-B068-A90BAABD6B42}.AppStore|x86.ActiveCfg = Release|Any CPU
		{7DDECA12-92A2-4884-B068-A90BAABD6B42}.AppStore|x86.Build.0 = Release|Any CPU
		{7DDECA12-92A2-4884-B068-A90BAABD6B42}.AppStore|x86.Deploy.0 = Release|Any CPU
		{7DDECA12-92A2-4884-B068-A90BAABD6B42}.Debug|Any CPU.ActiveCfg = Debug|Any CPU
		{7DDECA12-92A2-4884-B068-A90BAABD6B42}.Debug|Any CPU.Build.0 = Debug|Any CPU
		{7DDECA12-92A2-4884-B068-A90BAABD6B42}.Debug|Any CPU.Deploy.0 = Debug|Any CPU
		{7DDECA12-92A2-4884-B068-A90BAABD6B42}.Debug|ARM.ActiveCfg = Debug|Any CPU
		{7DDECA12-92A2-4884-B068-A90BAABD6B42}.Debug|ARM.Build.0 = Debug|Any CPU
		{7DDECA12-92A2-4884-B068-A90BAABD6B42}.Debug|ARM.Deploy.0 = Debug|Any CPU
		{7DDECA12-92A2-4884-B068-A90BAABD6B42}.Debug|iPhone.ActiveCfg = Debug|Any CPU
		{7DDECA12-92A2-4884-B068-A90BAABD6B42}.Debug|iPhone.Build.0 = Debug|Any CPU
		{7DDECA12-92A2-4884-B068-A90BAABD6B42}.Debug|iPhone.Deploy.0 = Debug|Any CPU
		{7DDECA12-92A2-4884-B068-A90BAABD6B42}.Debug|iPhoneSimulator.ActiveCfg = Debug|Any CPU
		{7DDECA12-92A2-4884-B068-A90BAABD6B42}.Debug|iPhoneSimulator.Build.0 = Debug|Any CPU
		{7DDECA12-92A2-4884-B068-A90BAABD6B42}.Debug|iPhoneSimulator.Deploy.0 = Debug|Any CPU
		{7DDECA12-92A2-4884-B068-A90BAABD6B42}.Debug|x64.ActiveCfg = Debug|Any CPU
		{7DDECA12-92A2-4884-B068-A90BAABD6B42}.Debug|x64.Build.0 = Debug|Any CPU
		{7DDECA12-92A2-4884-B068-A90BAABD6B42}.Debug|x64.Deploy.0 = Debug|Any CPU
		{7DDECA12-92A2-4884-B068-A90BAABD6B42}.Debug|x86.ActiveCfg = Debug|Any CPU
		{7DDECA12-92A2-4884-B068-A90BAABD6B42}.Debug|x86.Build.0 = Debug|Any CPU
		{7DDECA12-92A2-4884-B068-A90BAABD6B42}.Debug|x86.Deploy.0 = Debug|Any CPU
		{7DDECA12-92A2-4884-B068-A90BAABD6B42}.Release|Any CPU.ActiveCfg = Release|Any CPU
		{7DDECA12-92A2-4884-B068-A90BAABD6B42}.Release|Any CPU.Build.0 = Release|Any CPU
		{7DDECA12-92A2-4884-B068-A90BAABD6B42}.Release|Any CPU.Deploy.0 = Release|Any CPU
		{7DDECA12-92A2-4884-B068-A90BAABD6B42}.Release|ARM.ActiveCfg = Release|Any CPU
		{7DDECA12-92A2-4884-B068-A90BAABD6B42}.Release|ARM.Build.0 = Release|Any CPU
		{7DDECA12-92A2-4884-B068-A90BAABD6B42}.Release|ARM.Deploy.0 = Release|Any CPU
		{7DDECA12-92A2-4884-B068-A90BAABD6B42}.Release|iPhone.ActiveCfg = Release|Any CPU
		{7DDECA12-92A2-4884-B068-A90BAABD6B42}.Release|iPhone.Build.0 = Release|Any CPU
		{7DDECA12-92A2-4884-B068-A90BAABD6B42}.Release|iPhone.Deploy.0 = Release|Any CPU
		{7DDECA12-92A2-4884-B068-A90BAABD6B42}.Release|iPhoneSimulator.ActiveCfg = Release|Any CPU
		{7DDECA12-92A2-4884-B068-A90BAABD6B42}.Release|iPhoneSimulator.Build.0 = Release|Any CPU
		{7DDECA12-92A2-4884-B068-A90BAABD6B42}.Release|iPhoneSimulator.Deploy.0 = Release|Any CPU
		{7DDECA12-92A2-4884-B068-A90BAABD6B42}.Release|x64.ActiveCfg = Release|Any CPU
		{7DDECA12-92A2-4884-B068-A90BAABD6B42}.Release|x64.Build.0 = Release|Any CPU
		{7DDECA12-92A2-4884-B068-A90BAABD6B42}.Release|x64.Deploy.0 = Release|Any CPU
		{7DDECA12-92A2-4884-B068-A90BAABD6B42}.Release|x86.ActiveCfg = Release|Any CPU
		{7DDECA12-92A2-4884-B068-A90BAABD6B42}.Release|x86.Build.0 = Release|Any CPU
		{7DDECA12-92A2-4884-B068-A90BAABD6B42}.Release|x86.Deploy.0 = Release|Any CPU
		{BDDD2986-9EC0-4DA4-B957-2CFF9DB93971}.Ad-Hoc|Any CPU.ActiveCfg = Release|x64
		{BDDD2986-9EC0-4DA4-B957-2CFF9DB93971}.Ad-Hoc|Any CPU.Build.0 = Release|x64
		{BDDD2986-9EC0-4DA4-B957-2CFF9DB93971}.Ad-Hoc|Any CPU.Deploy.0 = Release|x64
		{BDDD2986-9EC0-4DA4-B957-2CFF9DB93971}.Ad-Hoc|ARM.ActiveCfg = Release|ARM
		{BDDD2986-9EC0-4DA4-B957-2CFF9DB93971}.Ad-Hoc|ARM.Build.0 = Release|ARM
		{BDDD2986-9EC0-4DA4-B957-2CFF9DB93971}.Ad-Hoc|ARM.Deploy.0 = Release|ARM
		{BDDD2986-9EC0-4DA4-B957-2CFF9DB93971}.Ad-Hoc|iPhone.ActiveCfg = Release|x64
		{BDDD2986-9EC0-4DA4-B957-2CFF9DB93971}.Ad-Hoc|iPhone.Build.0 = Release|x64
		{BDDD2986-9EC0-4DA4-B957-2CFF9DB93971}.Ad-Hoc|iPhone.Deploy.0 = Release|x64
		{BDDD2986-9EC0-4DA4-B957-2CFF9DB93971}.Ad-Hoc|iPhoneSimulator.ActiveCfg = Release|x64
		{BDDD2986-9EC0-4DA4-B957-2CFF9DB93971}.Ad-Hoc|iPhoneSimulator.Build.0 = Release|x64
		{BDDD2986-9EC0-4DA4-B957-2CFF9DB93971}.Ad-Hoc|iPhoneSimulator.Deploy.0 = Release|x64
		{BDDD2986-9EC0-4DA4-B957-2CFF9DB93971}.Ad-Hoc|x64.ActiveCfg = Release|x64
		{BDDD2986-9EC0-4DA4-B957-2CFF9DB93971}.Ad-Hoc|x64.Build.0 = Release|x64
		{BDDD2986-9EC0-4DA4-B957-2CFF9DB93971}.Ad-Hoc|x64.Deploy.0 = Release|x64
		{BDDD2986-9EC0-4DA4-B957-2CFF9DB93971}.Ad-Hoc|x86.ActiveCfg = Release|x86
		{BDDD2986-9EC0-4DA4-B957-2CFF9DB93971}.Ad-Hoc|x86.Build.0 = Release|x86
		{BDDD2986-9EC0-4DA4-B957-2CFF9DB93971}.Ad-Hoc|x86.Deploy.0 = Release|x86
		{BDDD2986-9EC0-4DA4-B957-2CFF9DB93971}.AppStore|Any CPU.ActiveCfg = Release|x64
		{BDDD2986-9EC0-4DA4-B957-2CFF9DB93971}.AppStore|Any CPU.Build.0 = Release|x64
		{BDDD2986-9EC0-4DA4-B957-2CFF9DB93971}.AppStore|Any CPU.Deploy.0 = Release|x64
		{BDDD2986-9EC0-4DA4-B957-2CFF9DB93971}.AppStore|ARM.ActiveCfg = Release|ARM
		{BDDD2986-9EC0-4DA4-B957-2CFF9DB93971}.AppStore|ARM.Build.0 = Release|ARM
		{BDDD2986-9EC0-4DA4-B957-2CFF9DB93971}.AppStore|ARM.Deploy.0 = Release|ARM
		{BDDD2986-9EC0-4DA4-B957-2CFF9DB93971}.AppStore|iPhone.ActiveCfg = Release|x64
		{BDDD2986-9EC0-4DA4-B957-2CFF9DB93971}.AppStore|iPhone.Build.0 = Release|x64
		{BDDD2986-9EC0-4DA4-B957-2CFF9DB93971}.AppStore|iPhone.Deploy.0 = Release|x64
		{BDDD2986-9EC0-4DA4-B957-2CFF9DB93971}.AppStore|iPhoneSimulator.ActiveCfg = Release|x64
		{BDDD2986-9EC0-4DA4-B957-2CFF9DB93971}.AppStore|iPhoneSimulator.Build.0 = Release|x64
		{BDDD2986-9EC0-4DA4-B957-2CFF9DB93971}.AppStore|iPhoneSimulator.Deploy.0 = Release|x64
		{BDDD2986-9EC0-4DA4-B957-2CFF9DB93971}.AppStore|x64.ActiveCfg = Release|x64
		{BDDD2986-9EC0-4DA4-B957-2CFF9DB93971}.AppStore|x64.Build.0 = Release|x64
		{BDDD2986-9EC0-4DA4-B957-2CFF9DB93971}.AppStore|x64.Deploy.0 = Release|x64
		{BDDD2986-9EC0-4DA4-B957-2CFF9DB93971}.AppStore|x86.ActiveCfg = Release|x86
		{BDDD2986-9EC0-4DA4-B957-2CFF9DB93971}.AppStore|x86.Build.0 = Release|x86
		{BDDD2986-9EC0-4DA4-B957-2CFF9DB93971}.AppStore|x86.Deploy.0 = Release|x86
		{BDDD2986-9EC0-4DA4-B957-2CFF9DB93971}.Debug|Any CPU.ActiveCfg = Debug|x86
		{BDDD2986-9EC0-4DA4-B957-2CFF9DB93971}.Debug|ARM.ActiveCfg = Debug|ARM
		{BDDD2986-9EC0-4DA4-B957-2CFF9DB93971}.Debug|ARM.Build.0 = Debug|ARM
		{BDDD2986-9EC0-4DA4-B957-2CFF9DB93971}.Debug|ARM.Deploy.0 = Debug|ARM
		{BDDD2986-9EC0-4DA4-B957-2CFF9DB93971}.Debug|iPhone.ActiveCfg = Debug|x86
		{BDDD2986-9EC0-4DA4-B957-2CFF9DB93971}.Debug|iPhoneSimulator.ActiveCfg = Debug|x86
		{BDDD2986-9EC0-4DA4-B957-2CFF9DB93971}.Debug|x64.ActiveCfg = Debug|x64
		{BDDD2986-9EC0-4DA4-B957-2CFF9DB93971}.Debug|x64.Build.0 = Debug|x64
		{BDDD2986-9EC0-4DA4-B957-2CFF9DB93971}.Debug|x64.Deploy.0 = Debug|x64
		{BDDD2986-9EC0-4DA4-B957-2CFF9DB93971}.Debug|x86.ActiveCfg = Debug|x86
		{BDDD2986-9EC0-4DA4-B957-2CFF9DB93971}.Debug|x86.Build.0 = Debug|x86
		{BDDD2986-9EC0-4DA4-B957-2CFF9DB93971}.Debug|x86.Deploy.0 = Debug|x86
		{BDDD2986-9EC0-4DA4-B957-2CFF9DB93971}.Release|Any CPU.ActiveCfg = Release|x86
		{BDDD2986-9EC0-4DA4-B957-2CFF9DB93971}.Release|ARM.ActiveCfg = Release|ARM
		{BDDD2986-9EC0-4DA4-B957-2CFF9DB93971}.Release|ARM.Build.0 = Release|ARM
		{BDDD2986-9EC0-4DA4-B957-2CFF9DB93971}.Release|ARM.Deploy.0 = Release|ARM
		{BDDD2986-9EC0-4DA4-B957-2CFF9DB93971}.Release|iPhone.ActiveCfg = Release|x86
		{BDDD2986-9EC0-4DA4-B957-2CFF9DB93971}.Release|iPhoneSimulator.ActiveCfg = Release|x86
		{BDDD2986-9EC0-4DA4-B957-2CFF9DB93971}.Release|x64.ActiveCfg = Release|x64
		{BDDD2986-9EC0-4DA4-B957-2CFF9DB93971}.Release|x64.Build.0 = Release|x64
		{BDDD2986-9EC0-4DA4-B957-2CFF9DB93971}.Release|x64.Deploy.0 = Release|x64
		{BDDD2986-9EC0-4DA4-B957-2CFF9DB93971}.Release|x86.ActiveCfg = Release|x86
		{BDDD2986-9EC0-4DA4-B957-2CFF9DB93971}.Release|x86.Build.0 = Release|x86
		{BDDD2986-9EC0-4DA4-B957-2CFF9DB93971}.Release|x86.Deploy.0 = Release|x86
	EndGlobalSection
	GlobalSection(SolutionProperties) = preSolution
		HideSolutionNode = FALSE
	EndGlobalSection
	GlobalSection(NestedProjects) = preSolution
		{69CC9D4D-EE45-471D-924E-54D1FBB0A90F} = {DF800FBC-5A4A-4CF6-84AC-071ED13A5E95}
		{2373DADC-5DCE-45C4-8102-E1CFB941DDEF} = {DF800FBC-5A4A-4CF6-84AC-071ED13A5E95}
		{CFC8A070-BBD7-4B62-9BF5-D2A9D6770EDF} = {DF800FBC-5A4A-4CF6-84AC-071ED13A5E95}
		{5974F5C9-EF77-4248-8827-BCF4C06E08AB} = {DF800FBC-5A4A-4CF6-84AC-071ED13A5E95}
		{38B06A1B-6E94-4169-8B4E-7A1E77269736} = {DF800FBC-5A4A-4CF6-84AC-071ED13A5E95}
		{722409B0-47DD-490C-9C0E-94B93599A511} = {BE5CBE58-57DB-4282-B94A-A5FAB021F1EC}
		{DC5A2692-A2F2-4DEE-910E-0CA9AB299740} = {722409B0-47DD-490C-9C0E-94B93599A511}
		{2E239A06-8B19-4C16-9E48-0BEB9BAA2AE6} = {722409B0-47DD-490C-9C0E-94B93599A511}
		{CAB3748A-EC1C-4C8B-ADB4-7FFE487C5CCC} = {722409B0-47DD-490C-9C0E-94B93599A511}
		{12240F0F-1848-4106-8529-DAFAC8386388} = {722409B0-47DD-490C-9C0E-94B93599A511}
		{47495644-4BCE-46AE-A304-89EB8698B3E5} = {BE5CBE58-57DB-4282-B94A-A5FAB021F1EC}
		{67F9D3A8-F71E-4428-913F-C37AE82CDB24} = {BE5CBE58-57DB-4282-B94A-A5FAB021F1EC}
		{C3E4896C-9C1B-4FD2-9071-F74DD8354782} = {BE5CBE58-57DB-4282-B94A-A5FAB021F1EC}
		{3C4EF21E-AADE-4083-8F3C-103EB4F1DBF5} = {BE5CBE58-57DB-4282-B94A-A5FAB021F1EC}
		{9B021997-D586-4ED7-A527-AD50F34CBB99} = {AACB0468-BDB7-498F-A19F-A555C01FB127}
		{1742E1E2-6986-45C4-9D27-2D00A63086F9} = {AACB0468-BDB7-498F-A19F-A555C01FB127}
		{3D96D749-E365-41C6-B72D-1BE2127A3C80} = {AACB0468-BDB7-498F-A19F-A555C01FB127}
		{A6CC760C-92F4-4B87-8665-81AA1655F5FA} = {AACB0468-BDB7-498F-A19F-A555C01FB127}
		{5C35CA6C-9EA1-4406-9E3D-60769833522A} = {AACB0468-BDB7-498F-A19F-A555C01FB127}
		{10F11423-7BE2-4446-8738-05ED9AB7B2D9} = {5C35CA6C-9EA1-4406-9E3D-60769833522A}
		{7DDECA12-92A2-4884-B068-A90BAABD6B42} = {5C35CA6C-9EA1-4406-9E3D-60769833522A}
		{BDDD2986-9EC0-4DA4-B957-2CFF9DB93971} = {5C35CA6C-9EA1-4406-9E3D-60769833522A}
	EndGlobalSection
EndGlobal
